// !$*UTF8*$!
{
	archiveVersion = 1;
	classes = {
	};
	objectVersion = 46;
	objects = {

/* Begin PBXBuildFile section */
		17A193991CC1656A00FDF634 /* ios camp.jpg in Resources */ = {isa = PBXBuildFile; fileRef = 17A193981CC1656A00FDF634 /* ios camp.jpg */; };
		17A1939A1CC1669100FDF634 /* Comfortaa-Bold.ttf in Resources */ = {isa = PBXBuildFile; fileRef = 17A193951CC1649A00FDF634 /* Comfortaa-Bold.ttf */; };
		17A1939B1CC1669100FDF634 /* Comfortaa-Light.ttf in Resources */ = {isa = PBXBuildFile; fileRef = 17A193961CC1649A00FDF634 /* Comfortaa-Light.ttf */; };
		17A1939C1CC1669100FDF634 /* Comfortaa-Regular.ttf in Resources */ = {isa = PBXBuildFile; fileRef = 17A193971CC1649A00FDF634 /* Comfortaa-Regular.ttf */; };
		194660DC1CC61AC90006729B /* ProfileInfoViewController.swift in Sources */ = {isa = PBXBuildFile; fileRef = 194660DB1CC61AC90006729B /* ProfileInfoViewController.swift */; };
		194660DF1CC644900006729B /* ProfileViewController.swift in Sources */ = {isa = PBXBuildFile; fileRef = 194660DE1CC644900006729B /* ProfileViewController.swift */; };
		19E97CFB1CC0D2A800EE98B2 /* ViewController.swift in Sources */ = {isa = PBXBuildFile; fileRef = 19E97CFA1CC0D2A800EE98B2 /* ViewController.swift */; };
		7902B5B61CC6122E00F861B8 /* InscriptionViewController.swift in Sources */ = {isa = PBXBuildFile; fileRef = 7902B5B51CC6122E00F861B8 /* InscriptionViewController.swift */; };
		A31FEE521CC1594D00FE0583 /* cross.png in Resources */ = {isa = PBXBuildFile; fileRef = A31FEE4A1CC1594D00FE0583 /* cross.png */; };
		A31FEE531CC1594D00FE0583 /* circle.png in Resources */ = {isa = PBXBuildFile; fileRef = A31FEE4B1CC1594D00FE0583 /* circle.png */; };
		A31FEE541CC1594D00FE0583 /* arrows.png in Resources */ = {isa = PBXBuildFile; fileRef = A31FEE4C1CC1594D00FE0583 /* arrows.png */; };
		A31FEE551CC1594D00FE0583 /* card.png in Resources */ = {isa = PBXBuildFile; fileRef = A31FEE4D1CC1594D00FE0583 /* card.png */; };
		A31FEE561CC1594D00FE0583 /* social.png in Resources */ = {isa = PBXBuildFile; fileRef = A31FEE4E1CC1594D00FE0583 /* social.png */; };
		A31FEE571CC1594D00FE0583 /* home - inscr.png in Resources */ = {isa = PBXBuildFile; fileRef = A31FEE4F1CC1594D00FE0583 /* home - inscr.png */; };
		A31FEE581CC1594D00FE0583 /* tool.png in Resources */ = {isa = PBXBuildFile; fileRef = A31FEE501CC1594D00FE0583 /* tool.png */; };
		A31FEE591CC1594D00FE0583 /* Circled-inscr.png in Resources */ = {isa = PBXBuildFile; fileRef = A31FEE511CC1594D00FE0583 /* Circled-inscr.png */; };
		A31FEE6E1CC271C400FE0583 /* delete.png in Resources */ = {isa = PBXBuildFile; fileRef = A31FEE6D1CC271C400FE0583 /* delete.png */; };
		A31FEE701CC271C900FE0583 /* cross2.png in Resources */ = {isa = PBXBuildFile; fileRef = A31FEE6F1CC271C900FE0583 /* cross2.png */; };
		A34301981CBE9EF300A18E8F /* AppDelegate.swift in Sources */ = {isa = PBXBuildFile; fileRef = A34301971CBE9EF300A18E8F /* AppDelegate.swift */; };
		A343019A1CBE9EF300A18E8F /* FirstViewController.swift in Sources */ = {isa = PBXBuildFile; fileRef = A34301991CBE9EF300A18E8F /* FirstViewController.swift */; };
		A343019C1CBE9EF300A18E8F /* SecondViewController.swift in Sources */ = {isa = PBXBuildFile; fileRef = A343019B1CBE9EF300A18E8F /* SecondViewController.swift */; };
		A343019F1CBE9EF300A18E8F /* Main.storyboard in Resources */ = {isa = PBXBuildFile; fileRef = A343019D1CBE9EF300A18E8F /* Main.storyboard */; };
		A34301A11CBE9EF300A18E8F /* Assets.xcassets in Resources */ = {isa = PBXBuildFile; fileRef = A34301A01CBE9EF300A18E8F /* Assets.xcassets */; };
		A34301A41CBE9EF300A18E8F /* LaunchScreen.storyboard in Resources */ = {isa = PBXBuildFile; fileRef = A34301A21CBE9EF300A18E8F /* LaunchScreen.storyboard */; };
		A34301AF1CBE9EF300A18E8F /* JolycutTests.swift in Sources */ = {isa = PBXBuildFile; fileRef = A34301AE1CBE9EF300A18E8F /* JolycutTests.swift */; };
		A34301BA1CBE9EF300A18E8F /* JolycutUITests.swift in Sources */ = {isa = PBXBuildFile; fileRef = A34301B91CBE9EF300A18E8F /* JolycutUITests.swift */; };
		A37FF79E1CC4E30A00E2BAD0 /* ack.png in Resources */ = {isa = PBXBuildFile; fileRef = A37FF79D1CC4E30A00E2BAD0 /* ack.png */; };
		A37FF7A01CC4E7D000E2BAD0 /* Jolicut2.png in Resources */ = {isa = PBXBuildFile; fileRef = A37FF79F1CC4E7D000E2BAD0 /* Jolicut2.png */; };
		A37FF7A41CC5142C00E2BAD0 /* JOLICUT.png in Resources */ = {isa = PBXBuildFile; fileRef = A37FF7A31CC5142C00E2BAD0 /* JOLICUT.png */; };
		A37FF7AC1CC5175100E2BAD0 /* JolicutViewController.swift in Sources */ = {isa = PBXBuildFile; fileRef = A37FF7AB1CC5175100E2BAD0 /* JolicutViewController.swift */; };
		A37FF7AE1CC6091B00E2BAD0 /* séparateur.png in Resources */ = {isa = PBXBuildFile; fileRef = A37FF7AD1CC6091B00E2BAD0 /* séparateur.png */; };
		A37FF7B01CC60A3C00E2BAD0 /* carre.png in Resources */ = {isa = PBXBuildFile; fileRef = A37FF7AF1CC60A3C00E2BAD0 /* carre.png */; };
/* End PBXBuildFile section */

/* Begin PBXContainerItemProxy section */
		A34301AB1CBE9EF300A18E8F /* PBXContainerItemProxy */ = {
			isa = PBXContainerItemProxy;
			containerPortal = A343018C1CBE9EF300A18E8F /* Project object */;
			proxyType = 1;
			remoteGlobalIDString = A34301931CBE9EF300A18E8F;
			remoteInfo = Jolycut;
		};
		A34301B61CBE9EF300A18E8F /* PBXContainerItemProxy */ = {
			isa = PBXContainerItemProxy;
			containerPortal = A343018C1CBE9EF300A18E8F /* Project object */;
			proxyType = 1;
			remoteGlobalIDString = A34301931CBE9EF300A18E8F;
			remoteInfo = Jolycut;
		};
/* End PBXContainerItemProxy section */

/* Begin PBXFileReference section */
		17A193951CC1649A00FDF634 /* Comfortaa-Bold.ttf */ = {isa = PBXFileReference; lastKnownFileType = file; name = "Comfortaa-Bold.ttf"; path = "../../../Desktop/comfortaa/Comfortaa-Bold.ttf"; sourceTree = "<group>"; };
		17A193961CC1649A00FDF634 /* Comfortaa-Light.ttf */ = {isa = PBXFileReference; lastKnownFileType = file; name = "Comfortaa-Light.ttf"; path = "../../../Desktop/comfortaa/Comfortaa-Light.ttf"; sourceTree = "<group>"; };
		17A193971CC1649A00FDF634 /* Comfortaa-Regular.ttf */ = {isa = PBXFileReference; lastKnownFileType = file; name = "Comfortaa-Regular.ttf"; path = "../../../Desktop/comfortaa/Comfortaa-Regular.ttf"; sourceTree = "<group>"; };
		17A193981CC1656A00FDF634 /* ios camp.jpg */ = {isa = PBXFileReference; lastKnownFileType = image.jpeg; name = "ios camp.jpg"; path = "../../../Desktop/ios camp.jpg"; sourceTree = "<group>"; };
		194660DB1CC61AC90006729B /* ProfileInfoViewController.swift */ = {isa = PBXFileReference; fileEncoding = 4; lastKnownFileType = sourcecode.swift; path = ProfileInfoViewController.swift; sourceTree = "<group>"; };
		194660DE1CC644900006729B /* ProfileViewController.swift */ = {isa = PBXFileReference; fileEncoding = 4; lastKnownFileType = sourcecode.swift; path = ProfileViewController.swift; sourceTree = "<group>"; };
		19E97CFA1CC0D2A800EE98B2 /* ViewController.swift */ = {isa = PBXFileReference; fileEncoding = 4; lastKnownFileType = sourcecode.swift; path = ViewController.swift; sourceTree = "<group>"; };
		7902B5B51CC6122E00F861B8 /* InscriptionViewController.swift */ = {isa = PBXFileReference; fileEncoding = 4; lastKnownFileType = sourcecode.swift; path = InscriptionViewController.swift; sourceTree = "<group>"; };
		797BB21E1CC12505009ED915 /* Jolicut-Bridging-Header.h */ = {isa = PBXFileReference; lastKnownFileType = sourcecode.c.h; path = "Jolicut-Bridging-Header.h"; sourceTree = "<group>"; };
		A31FEE4A1CC1594D00FE0583 /* cross.png */ = {isa = PBXFileReference; lastKnownFileType = image.png; path = cross.png; sourceTree = "<group>"; };
		A31FEE4B1CC1594D00FE0583 /* circle.png */ = {isa = PBXFileReference; lastKnownFileType = image.png; path = circle.png; sourceTree = "<group>"; };
		A31FEE4C1CC1594D00FE0583 /* arrows.png */ = {isa = PBXFileReference; lastKnownFileType = image.png; path = arrows.png; sourceTree = "<group>"; };
		A31FEE4D1CC1594D00FE0583 /* card.png */ = {isa = PBXFileReference; lastKnownFileType = image.png; path = card.png; sourceTree = "<group>"; };
		A31FEE4E1CC1594D00FE0583 /* social.png */ = {isa = PBXFileReference; lastKnownFileType = image.png; path = social.png; sourceTree = "<group>"; };
		A31FEE4F1CC1594D00FE0583 /* home - inscr.png */ = {isa = PBXFileReference; lastKnownFileType = image.png; path = "home - inscr.png"; sourceTree = "<group>"; };
		A31FEE501CC1594D00FE0583 /* tool.png */ = {isa = PBXFileReference; lastKnownFileType = image.png; path = tool.png; sourceTree = "<group>"; };
		A31FEE511CC1594D00FE0583 /* Circled-inscr.png */ = {isa = PBXFileReference; lastKnownFileType = image.png; path = "Circled-inscr.png"; sourceTree = "<group>"; };
		A31FEE6D1CC271C400FE0583 /* delete.png */ = {isa = PBXFileReference; lastKnownFileType = image.png; path = delete.png; sourceTree = "<group>"; };
		A31FEE6F1CC271C900FE0583 /* cross2.png */ = {isa = PBXFileReference; lastKnownFileType = image.png; path = cross2.png; sourceTree = "<group>"; };
		A32923C11CC1181B006544B9 /* HELN.TTF */ = {isa = PBXFileReference; lastKnownFileType = file; path = HELN.TTF; sourceTree = "<group>"; };
		A34301941CBE9EF300A18E8F /* JoliCut.app */ = {isa = PBXFileReference; explicitFileType = wrapper.application; includeInIndex = 0; path = JoliCut.app; sourceTree = BUILT_PRODUCTS_DIR; };
		A34301971CBE9EF300A18E8F /* AppDelegate.swift */ = {isa = PBXFileReference; lastKnownFileType = sourcecode.swift; path = AppDelegate.swift; sourceTree = "<group>"; };
		A34301991CBE9EF300A18E8F /* FirstViewController.swift */ = {isa = PBXFileReference; lastKnownFileType = sourcecode.swift; path = FirstViewController.swift; sourceTree = "<group>"; };
		A343019B1CBE9EF300A18E8F /* SecondViewController.swift */ = {isa = PBXFileReference; lastKnownFileType = sourcecode.swift; path = SecondViewController.swift; sourceTree = "<group>"; };
		A343019E1CBE9EF300A18E8F /* Base */ = {isa = PBXFileReference; lastKnownFileType = file.storyboard; name = Base; path = Base.lproj/Main.storyboard; sourceTree = "<group>"; };
		A34301A01CBE9EF300A18E8F /* Assets.xcassets */ = {isa = PBXFileReference; lastKnownFileType = folder.assetcatalog; path = Assets.xcassets; sourceTree = "<group>"; };
		A34301A31CBE9EF300A18E8F /* Base */ = {isa = PBXFileReference; lastKnownFileType = file.storyboard; name = Base; path = Base.lproj/LaunchScreen.storyboard; sourceTree = "<group>"; };
		A34301A51CBE9EF300A18E8F /* Info.plist */ = {isa = PBXFileReference; lastKnownFileType = text.plist.xml; path = Info.plist; sourceTree = "<group>"; };
		A34301AA1CBE9EF300A18E8F /* JoliCut.xctest */ = {isa = PBXFileReference; explicitFileType = wrapper.cfbundle; includeInIndex = 0; path = JoliCut.xctest; sourceTree = BUILT_PRODUCTS_DIR; };
		A34301AE1CBE9EF300A18E8F /* JolycutTests.swift */ = {isa = PBXFileReference; lastKnownFileType = sourcecode.swift; path = JolycutTests.swift; sourceTree = "<group>"; };
		A34301B01CBE9EF300A18E8F /* Info.plist */ = {isa = PBXFileReference; lastKnownFileType = text.plist.xml; path = Info.plist; sourceTree = "<group>"; };
		A34301B51CBE9EF300A18E8F /* JoliCut.xctest */ = {isa = PBXFileReference; explicitFileType = wrapper.cfbundle; includeInIndex = 0; path = JoliCut.xctest; sourceTree = BUILT_PRODUCTS_DIR; };
		A34301B91CBE9EF300A18E8F /* JolycutUITests.swift */ = {isa = PBXFileReference; lastKnownFileType = sourcecode.swift; path = JolycutUITests.swift; sourceTree = "<group>"; };
		A34301BB1CBE9EF300A18E8F /* Info.plist */ = {isa = PBXFileReference; lastKnownFileType = text.plist.xml; path = Info.plist; sourceTree = "<group>"; };
		A37FF79D1CC4E30A00E2BAD0 /* ack.png */ = {isa = PBXFileReference; lastKnownFileType = image.png; path = ack.png; sourceTree = "<group>"; };
		A37FF79F1CC4E7D000E2BAD0 /* Jolicut2.png */ = {isa = PBXFileReference; lastKnownFileType = image.png; path = Jolicut2.png; sourceTree = "<group>"; };
		A37FF7A31CC5142C00E2BAD0 /* JOLICUT.png */ = {isa = PBXFileReference; lastKnownFileType = image.png; path = JOLICUT.png; sourceTree = "<group>"; };
		A37FF7AB1CC5175100E2BAD0 /* JolicutViewController.swift */ = {isa = PBXFileReference; fileEncoding = 4; lastKnownFileType = sourcecode.swift; path = JolicutViewController.swift; sourceTree = "<group>"; };
		A37FF7AD1CC6091B00E2BAD0 /* séparateur.png */ = {isa = PBXFileReference; lastKnownFileType = image.png; path = "séparateur.png"; sourceTree = "<group>"; };
		A37FF7AF1CC60A3C00E2BAD0 /* carre.png */ = {isa = PBXFileReference; lastKnownFileType = image.png; path = carre.png; sourceTree = "<group>"; };
/* End PBXFileReference section */

/* Begin PBXFrameworksBuildPhase section */
		A34301911CBE9EF300A18E8F /* Frameworks */ = {
			isa = PBXFrameworksBuildPhase;
			buildActionMask = 2147483647;
			files = (
			);
			runOnlyForDeploymentPostprocessing = 0;
		};
		A34301A71CBE9EF300A18E8F /* Frameworks */ = {
			isa = PBXFrameworksBuildPhase;
			buildActionMask = 2147483647;
			files = (
			);
			runOnlyForDeploymentPostprocessing = 0;
		};
		A34301B21CBE9EF300A18E8F /* Frameworks */ = {
			isa = PBXFrameworksBuildPhase;
			buildActionMask = 2147483647;
			files = (
			);
			runOnlyForDeploymentPostprocessing = 0;
		};
/* End PBXFrameworksBuildPhase section */

/* Begin PBXGroup section */
		194660DD1CC6444C0006729B /* ViewControllers */ = {
			isa = PBXGroup;
			children = (
				A34301971CBE9EF300A18E8F /* AppDelegate.swift */,
				194660DE1CC644900006729B /* ProfileViewController.swift */,
				194660DB1CC61AC90006729B /* ProfileInfoViewController.swift */,
				7902B5B51CC6122E00F861B8 /* InscriptionViewController.swift */,
				19E97CFA1CC0D2A800EE98B2 /* ViewController.swift */,
				A34301991CBE9EF300A18E8F /* FirstViewController.swift */,
				A343019B1CBE9EF300A18E8F /* SecondViewController.swift */,
				A37FF7AB1CC5175100E2BAD0 /* JolicutViewController.swift */,
			);
			name = ViewControllers;
			sourceTree = "<group>";
		};
		A32923C01CC117B1006544B9 /* Font */ = {
			isa = PBXGroup;
			children = (
				17A193951CC1649A00FDF634 /* Comfortaa-Bold.ttf */,
				17A193961CC1649A00FDF634 /* Comfortaa-Light.ttf */,
				17A193971CC1649A00FDF634 /* Comfortaa-Regular.ttf */,
				A32923C11CC1181B006544B9 /* HELN.TTF */,
			);
			name = Font;
			sourceTree = "<group>";
		};
		A32923C51CC12150006544B9 /* image */ = {
			isa = PBXGroup;
			children = (
				A37FF7AD1CC6091B00E2BAD0 /* séparateur.png */,
				A37FF7AF1CC60A3C00E2BAD0 /* carre.png */,
				A37FF7A31CC5142C00E2BAD0 /* JOLICUT.png */,
				A31FEE6F1CC271C900FE0583 /* cross2.png */,
				A31FEE6D1CC271C400FE0583 /* delete.png */,
				A37FF79D1CC4E30A00E2BAD0 /* ack.png */,
				A37FF79F1CC4E7D000E2BAD0 /* Jolicut2.png */,
				17A193981CC1656A00FDF634 /* ios camp.jpg */,
				A31FEE4A1CC1594D00FE0583 /* cross.png */,
				A31FEE4B1CC1594D00FE0583 /* circle.png */,
				A31FEE4C1CC1594D00FE0583 /* arrows.png */,
				A31FEE4D1CC1594D00FE0583 /* card.png */,
				A31FEE4E1CC1594D00FE0583 /* social.png */,
				A31FEE4F1CC1594D00FE0583 /* home - inscr.png */,
				A31FEE501CC1594D00FE0583 /* tool.png */,
				A31FEE511CC1594D00FE0583 /* Circled-inscr.png */,
			);
			name = image;
			sourceTree = "<group>";
		};
		A343018B1CBE9EF300A18E8F = {
			isa = PBXGroup;
			children = (
				A34301961CBE9EF300A18E8F /* Jolycut */,
				A34301AD1CBE9EF300A18E8F /* JolycutTests */,
				A34301B81CBE9EF300A18E8F /* JolycutUITests */,
				A34301951CBE9EF300A18E8F /* Products */,
			);
			sourceTree = "<group>";
		};
		A34301951CBE9EF300A18E8F /* Products */ = {
			isa = PBXGroup;
			children = (
				A34301941CBE9EF300A18E8F /* JoliCut.app */,
				A34301AA1CBE9EF300A18E8F /* JoliCut.xctest */,
				A34301B51CBE9EF300A18E8F /* JoliCut.xctest */,
			);
			name = Products;
			sourceTree = "<group>";
		};
		A34301961CBE9EF300A18E8F /* Jolycut */ = {
			isa = PBXGroup;
			children = (
				194660DD1CC6444C0006729B /* ViewControllers */,
				A32923C01CC117B1006544B9 /* Font */,
				A32923C51CC12150006544B9 /* image */,
				A343019D1CBE9EF300A18E8F /* Main.storyboard */,
				A34301A01CBE9EF300A18E8F /* Assets.xcassets */,
				A34301A21CBE9EF300A18E8F /* LaunchScreen.storyboard */,
				A34301A51CBE9EF300A18E8F /* Info.plist */,
				797BB21E1CC12505009ED915 /* Jolicut-Bridging-Header.h */,
			);
			path = Jolycut;
			sourceTree = "<group>";
		};
		A34301AD1CBE9EF300A18E8F /* JolycutTests */ = {
			isa = PBXGroup;
			children = (
				A34301AE1CBE9EF300A18E8F /* JolycutTests.swift */,
				A34301B01CBE9EF300A18E8F /* Info.plist */,
			);
			path = JolycutTests;
			sourceTree = "<group>";
		};
		A34301B81CBE9EF300A18E8F /* JolycutUITests */ = {
			isa = PBXGroup;
			children = (
				A34301B91CBE9EF300A18E8F /* JolycutUITests.swift */,
				A34301BB1CBE9EF300A18E8F /* Info.plist */,
			);
			path = JolycutUITests;
			sourceTree = "<group>";
		};
/* End PBXGroup section */

/* Begin PBXNativeTarget section */
		A34301931CBE9EF300A18E8F /* Jolicut */ = {
			isa = PBXNativeTarget;
			buildConfigurationList = A34301BE1CBE9EF300A18E8F /* Build configuration list for PBXNativeTarget "Jolicut" */;
			buildPhases = (
				A34301901CBE9EF300A18E8F /* Sources */,
				A34301911CBE9EF300A18E8F /* Frameworks */,
				A34301921CBE9EF300A18E8F /* Resources */,
			);
			buildRules = (
			);
			dependencies = (
			);
			name = Jolicut;
			productName = Jolycut;
			productReference = A34301941CBE9EF300A18E8F /* JoliCut.app */;
			productType = "com.apple.product-type.application";
		};
		A34301A91CBE9EF300A18E8F /* JolicutTests */ = {
			isa = PBXNativeTarget;
			buildConfigurationList = A34301C11CBE9EF300A18E8F /* Build configuration list for PBXNativeTarget "JolicutTests" */;
			buildPhases = (
				A34301A61CBE9EF300A18E8F /* Sources */,
				A34301A71CBE9EF300A18E8F /* Frameworks */,
				A34301A81CBE9EF300A18E8F /* Resources */,
			);
			buildRules = (
			);
			dependencies = (
				A34301AC1CBE9EF300A18E8F /* PBXTargetDependency */,
			);
			name = JolicutTests;
			productName = JolycutTests;
			productReference = A34301AA1CBE9EF300A18E8F /* JoliCut.xctest */;
			productType = "com.apple.product-type.bundle.unit-test";
		};
		A34301B41CBE9EF300A18E8F /* JolicutUITests */ = {
			isa = PBXNativeTarget;
			buildConfigurationList = A34301C41CBE9EF300A18E8F /* Build configuration list for PBXNativeTarget "JolicutUITests" */;
			buildPhases = (
				A34301B11CBE9EF300A18E8F /* Sources */,
				A34301B21CBE9EF300A18E8F /* Frameworks */,
				A34301B31CBE9EF300A18E8F /* Resources */,
			);
			buildRules = (
			);
			dependencies = (
				A34301B71CBE9EF300A18E8F /* PBXTargetDependency */,
			);
			name = JolicutUITests;
			productName = JolycutUITests;
			productReference = A34301B51CBE9EF300A18E8F /* JoliCut.xctest */;
			productType = "com.apple.product-type.bundle.ui-testing";
		};
/* End PBXNativeTarget section */

/* Begin PBXProject section */
		A343018C1CBE9EF300A18E8F /* Project object */ = {
			isa = PBXProject;
			attributes = {
				LastSwiftUpdateCheck = 0730;
				LastUpgradeCheck = 0730;
				ORGANIZATIONNAME = "Vinod AROUMOUGAME";
				TargetAttributes = {
					A34301931CBE9EF300A18E8F = {
						CreatedOnToolsVersion = 7.3;
						DevelopmentTeam = SE44AP52Y5;
					};
					A34301A91CBE9EF300A18E8F = {
						CreatedOnToolsVersion = 7.3;
						TestTargetID = A34301931CBE9EF300A18E8F;
					};
					A34301B41CBE9EF300A18E8F = {
						CreatedOnToolsVersion = 7.3;
						TestTargetID = A34301931CBE9EF300A18E8F;
					};
				};
			};
			buildConfigurationList = A343018F1CBE9EF300A18E8F /* Build configuration list for PBXProject "JoliCut" */;
			compatibilityVersion = "Xcode 3.2";
			developmentRegion = English;
			hasScannedForEncodings = 0;
			knownRegions = (
				en,
				Base,
			);
			mainGroup = A343018B1CBE9EF300A18E8F;
			productRefGroup = A34301951CBE9EF300A18E8F /* Products */;
			projectDirPath = "";
			projectRoot = "";
			targets = (
				A34301931CBE9EF300A18E8F /* Jolicut */,
				A34301A91CBE9EF300A18E8F /* JolicutTests */,
				A34301B41CBE9EF300A18E8F /* JolicutUITests */,
			);
		};
/* End PBXProject section */

/* Begin PBXResourcesBuildPhase section */
		A34301921CBE9EF300A18E8F /* Resources */ = {
			isa = PBXResourcesBuildPhase;
			buildActionMask = 2147483647;
			files = (
				A31FEE6E1CC271C400FE0583 /* delete.png in Resources */,
				A37FF7AE1CC6091B00E2BAD0 /* séparateur.png in Resources */,
				17A1939A1CC1669100FDF634 /* Comfortaa-Bold.ttf in Resources */,
				17A1939B1CC1669100FDF634 /* Comfortaa-Light.ttf in Resources */,
				17A1939C1CC1669100FDF634 /* Comfortaa-Regular.ttf in Resources */,
				A37FF7A41CC5142C00E2BAD0 /* JOLICUT.png in Resources */,
				A31FEE561CC1594D00FE0583 /* social.png in Resources */,
				A31FEE581CC1594D00FE0583 /* tool.png in Resources */,
				A37FF7A01CC4E7D000E2BAD0 /* Jolicut2.png in Resources */,
				A31FEE571CC1594D00FE0583 /* home - inscr.png in Resources */,
				A34301A41CBE9EF300A18E8F /* LaunchScreen.storyboard in Resources */,
				A34301A11CBE9EF300A18E8F /* Assets.xcassets in Resources */,
				A31FEE701CC271C900FE0583 /* cross2.png in Resources */,
				A31FEE531CC1594D00FE0583 /* circle.png in Resources */,
				A31FEE521CC1594D00FE0583 /* cross.png in Resources */,
				A343019F1CBE9EF300A18E8F /* Main.storyboard in Resources */,
				A31FEE541CC1594D00FE0583 /* arrows.png in Resources */,
				A31FEE591CC1594D00FE0583 /* Circled-inscr.png in Resources */,
				A37FF79E1CC4E30A00E2BAD0 /* ack.png in Resources */,
				A31FEE551CC1594D00FE0583 /* card.png in Resources */,
				17A193991CC1656A00FDF634 /* ios camp.jpg in Resources */,
				A37FF7B01CC60A3C00E2BAD0 /* carre.png in Resources */,
			);
			runOnlyForDeploymentPostprocessing = 0;
		};
		A34301A81CBE9EF300A18E8F /* Resources */ = {
			isa = PBXResourcesBuildPhase;
			buildActionMask = 2147483647;
			files = (
			);
			runOnlyForDeploymentPostprocessing = 0;
		};
		A34301B31CBE9EF300A18E8F /* Resources */ = {
			isa = PBXResourcesBuildPhase;
			buildActionMask = 2147483647;
			files = (
			);
			runOnlyForDeploymentPostprocessing = 0;
		};
/* End PBXResourcesBuildPhase section */

/* Begin PBXSourcesBuildPhase section */
		A34301901CBE9EF300A18E8F /* Sources */ = {
			isa = PBXSourcesBuildPhase;
			buildActionMask = 2147483647;
			files = (
				A343019C1CBE9EF300A18E8F /* SecondViewController.swift in Sources */,
				A34301981CBE9EF300A18E8F /* AppDelegate.swift in Sources */,
				19E97CFB1CC0D2A800EE98B2 /* ViewController.swift in Sources */,
				A343019A1CBE9EF300A18E8F /* FirstViewController.swift in Sources */,
				A37FF7AC1CC5175100E2BAD0 /* JolicutViewController.swift in Sources */,
				7902B5B61CC6122E00F861B8 /* InscriptionViewController.swift in Sources */,
				194660DF1CC644900006729B /* ProfileViewController.swift in Sources */,
				194660DC1CC61AC90006729B /* ProfileInfoViewController.swift in Sources */,
			);
			runOnlyForDeploymentPostprocessing = 0;
		};
		A34301A61CBE9EF300A18E8F /* Sources */ = {
			isa = PBXSourcesBuildPhase;
			buildActionMask = 2147483647;
			files = (
				A34301AF1CBE9EF300A18E8F /* JolycutTests.swift in Sources */,
			);
			runOnlyForDeploymentPostprocessing = 0;
		};
		A34301B11CBE9EF300A18E8F /* Sources */ = {
			isa = PBXSourcesBuildPhase;
			buildActionMask = 2147483647;
			files = (
				A34301BA1CBE9EF300A18E8F /* JolycutUITests.swift in Sources */,
			);
			runOnlyForDeploymentPostprocessing = 0;
		};
/* End PBXSourcesBuildPhase section */

/* Begin PBXTargetDependency section */
		A34301AC1CBE9EF300A18E8F /* PBXTargetDependency */ = {
			isa = PBXTargetDependency;
			target = A34301931CBE9EF300A18E8F /* Jolicut */;
			targetProxy = A34301AB1CBE9EF300A18E8F /* PBXContainerItemProxy */;
		};
		A34301B71CBE9EF300A18E8F /* PBXTargetDependency */ = {
			isa = PBXTargetDependency;
			target = A34301931CBE9EF300A18E8F /* Jolicut */;
			targetProxy = A34301B61CBE9EF300A18E8F /* PBXContainerItemProxy */;
		};
/* End PBXTargetDependency section */

/* Begin PBXVariantGroup section */
		A343019D1CBE9EF300A18E8F /* Main.storyboard */ = {
			isa = PBXVariantGroup;
			children = (
				A343019E1CBE9EF300A18E8F /* Base */,
			);
			name = Main.storyboard;
			sourceTree = "<group>";
		};
		A34301A21CBE9EF300A18E8F /* LaunchScreen.storyboard */ = {
			isa = PBXVariantGroup;
			children = (
				A34301A31CBE9EF300A18E8F /* Base */,
			);
			name = LaunchScreen.storyboard;
			sourceTree = "<group>";
		};
/* End PBXVariantGroup section */

/* Begin XCBuildConfiguration section */
		A34301BC1CBE9EF300A18E8F /* Debug */ = {
			isa = XCBuildConfiguration;
			buildSettings = {
				ALWAYS_SEARCH_USER_PATHS = NO;
				CLANG_ANALYZER_NONNULL = YES;
				CLANG_CXX_LANGUAGE_STANDARD = "gnu++0x";
				CLANG_CXX_LIBRARY = "libc++";
				CLANG_ENABLE_MODULES = YES;
				CLANG_ENABLE_OBJC_ARC = YES;
				CLANG_WARN_BOOL_CONVERSION = YES;
				CLANG_WARN_CONSTANT_CONVERSION = YES;
				CLANG_WARN_DIRECT_OBJC_ISA_USAGE = YES_ERROR;
				CLANG_WARN_EMPTY_BODY = YES;
				CLANG_WARN_ENUM_CONVERSION = YES;
				CLANG_WARN_INT_CONVERSION = YES;
				CLANG_WARN_OBJC_ROOT_CLASS = YES_ERROR;
				CLANG_WARN_UNREACHABLE_CODE = YES;
				CLANG_WARN__DUPLICATE_METHOD_MATCH = YES;
				"CODE_SIGN_IDENTITY[sdk=iphoneos*]" = "iPhone Developer";
				COPY_PHASE_STRIP = NO;
				DEBUG_INFORMATION_FORMAT = dwarf;
				ENABLE_STRICT_OBJC_MSGSEND = YES;
				ENABLE_TESTABILITY = YES;
				GCC_C_LANGUAGE_STANDARD = gnu99;
				GCC_DYNAMIC_NO_PIC = NO;
				GCC_NO_COMMON_BLOCKS = YES;
				GCC_OPTIMIZATION_LEVEL = 0;
				GCC_PREPROCESSOR_DEFINITIONS = (
					"DEBUG=1",
					"$(inherited)",
				);
				GCC_WARN_64_TO_32_BIT_CONVERSION = YES;
				GCC_WARN_ABOUT_RETURN_TYPE = YES_ERROR;
				GCC_WARN_UNDECLARED_SELECTOR = YES;
				GCC_WARN_UNINITIALIZED_AUTOS = YES_AGGRESSIVE;
				GCC_WARN_UNUSED_FUNCTION = YES;
				GCC_WARN_UNUSED_VARIABLE = YES;
				IPHONEOS_DEPLOYMENT_TARGET = 9.3;
				MTL_ENABLE_DEBUG_INFO = YES;
				ONLY_ACTIVE_ARCH = YES;
				SDKROOT = iphoneos;
				SWIFT_OPTIMIZATION_LEVEL = "-Onone";
				TARGETED_DEVICE_FAMILY = "1,2";
			};
			name = Debug;
		};
		A34301BD1CBE9EF300A18E8F /* Release */ = {
			isa = XCBuildConfiguration;
			buildSettings = {
				ALWAYS_SEARCH_USER_PATHS = NO;
				CLANG_ANALYZER_NONNULL = YES;
				CLANG_CXX_LANGUAGE_STANDARD = "gnu++0x";
				CLANG_CXX_LIBRARY = "libc++";
				CLANG_ENABLE_MODULES = YES;
				CLANG_ENABLE_OBJC_ARC = YES;
				CLANG_WARN_BOOL_CONVERSION = YES;
				CLANG_WARN_CONSTANT_CONVERSION = YES;
				CLANG_WARN_DIRECT_OBJC_ISA_USAGE = YES_ERROR;
				CLANG_WARN_EMPTY_BODY = YES;
				CLANG_WARN_ENUM_CONVERSION = YES;
				CLANG_WARN_INT_CONVERSION = YES;
				CLANG_WARN_OBJC_ROOT_CLASS = YES_ERROR;
				CLANG_WARN_UNREACHABLE_CODE = YES;
				CLANG_WARN__DUPLICATE_METHOD_MATCH = YES;
				"CODE_SIGN_IDENTITY[sdk=iphoneos*]" = "iPhone Developer";
				COPY_PHASE_STRIP = NO;
				DEBUG_INFORMATION_FORMAT = "dwarf-with-dsym";
				ENABLE_NS_ASSERTIONS = NO;
				ENABLE_STRICT_OBJC_MSGSEND = YES;
				GCC_C_LANGUAGE_STANDARD = gnu99;
				GCC_NO_COMMON_BLOCKS = YES;
				GCC_WARN_64_TO_32_BIT_CONVERSION = YES;
				GCC_WARN_ABOUT_RETURN_TYPE = YES_ERROR;
				GCC_WARN_UNDECLARED_SELECTOR = YES;
				GCC_WARN_UNINITIALIZED_AUTOS = YES_AGGRESSIVE;
				GCC_WARN_UNUSED_FUNCTION = YES;
				GCC_WARN_UNUSED_VARIABLE = YES;
				IPHONEOS_DEPLOYMENT_TARGET = 9.3;
				MTL_ENABLE_DEBUG_INFO = NO;
				SDKROOT = iphoneos;
				TARGETED_DEVICE_FAMILY = "1,2";
				VALIDATE_PRODUCT = YES;
			};
			name = Release;
		};
		A34301BF1CBE9EF300A18E8F /* Debug */ = {
			isa = XCBuildConfiguration;
			buildSettings = {
				ASSETCATALOG_COMPILER_APPICON_NAME = AppIcon;
				CLANG_ENABLE_MODULES = YES;
				CODE_SIGN_IDENTITY = "iPhone Developer";
				"CODE_SIGN_IDENTITY[sdk=iphoneos*]" = "iPhone Developer";
				INFOPLIST_FILE = Jolycut/Info.plist;
				LD_RUNPATH_SEARCH_PATHS = "$(inherited) @executable_path/Frameworks";
				PRODUCT_BUNDLE_IDENTIFIER = JoliCut;
				PRODUCT_NAME = JoliCut;
				PROVISIONING_PROFILE = "";
				SWIFT_OBJC_BRIDGING_HEADER = "Jolycut/Jolicut-Bridging-Header.h";
				SWIFT_OPTIMIZATION_LEVEL = "-Onone";
				TARGETED_DEVICE_FAMILY = "1,2";
			};
			name = Debug;
		};
		A34301C01CBE9EF300A18E8F /* Release */ = {
			isa = XCBuildConfiguration;
			buildSettings = {
				ASSETCATALOG_COMPILER_APPICON_NAME = AppIcon;
				CLANG_ENABLE_MODULES = YES;
				CODE_SIGN_IDENTITY = "iPhone Developer";
				"CODE_SIGN_IDENTITY[sdk=iphoneos*]" = "iPhone Developer";
				INFOPLIST_FILE = Jolycut/Info.plist;
				LD_RUNPATH_SEARCH_PATHS = "$(inherited) @executable_path/Frameworks";
				PRODUCT_BUNDLE_IDENTIFIER = JoliCut;
				PRODUCT_NAME = JoliCut;
				PROVISIONING_PROFILE = "";
				SWIFT_OBJC_BRIDGING_HEADER = "Jolycut/Jolicut-Bridging-Header.h";
				TARGETED_DEVICE_FAMILY = "1,2";
			};
			name = Release;
		};
		A34301C21CBE9EF300A18E8F /* Debug */ = {
			isa = XCBuildConfiguration;
			buildSettings = {
				BUNDLE_LOADER = "$(TEST_HOST)";
				INFOPLIST_FILE = JolycutTests/Info.plist;
				LD_RUNPATH_SEARCH_PATHS = "$(inherited) @executable_path/Frameworks @loader_path/Frameworks";
				PRODUCT_BUNDLE_IDENTIFIER = etna.JolycutTests;
				PRODUCT_NAME = JoliCut;
				TEST_HOST = "$(BUILT_PRODUCTS_DIR)/JoliCut.app/JoliCut";
			};
			name = Debug;
		};
		A34301C31CBE9EF300A18E8F /* Release */ = {
			isa = XCBuildConfiguration;
			buildSettings = {
				BUNDLE_LOADER = "$(TEST_HOST)";
				INFOPLIST_FILE = JolycutTests/Info.plist;
				LD_RUNPATH_SEARCH_PATHS = "$(inherited) @executable_path/Frameworks @loader_path/Frameworks";
				PRODUCT_BUNDLE_IDENTIFIER = etna.JolycutTests;
				PRODUCT_NAME = JoliCut;
				TEST_HOST = "$(BUILT_PRODUCTS_DIR)/JoliCut.app/JoliCut";
			};
			name = Release;
		};
		A34301C51CBE9EF300A18E8F /* Debug */ = {
			isa = XCBuildConfiguration;
			buildSettings = {
				INFOPLIST_FILE = JolycutUITests/Info.plist;
				LD_RUNPATH_SEARCH_PATHS = "$(inherited) @executable_path/Frameworks @loader_path/Frameworks";
				PRODUCT_BUNDLE_IDENTIFIER = etna.JolycutUITests;
				PRODUCT_NAME = JoliCut;
				TEST_TARGET_NAME = Jolycut;
			};
			name = Debug;
		};
		A34301C61CBE9EF300A18E8F /* Release */ = {
			isa = XCBuildConfiguration;
			buildSettings = {
				INFOPLIST_FILE = JolycutUITests/Info.plist;
				LD_RUNPATH_SEARCH_PATHS = "$(inherited) @executable_path/Frameworks @loader_path/Frameworks";
				PRODUCT_BUNDLE_IDENTIFIER = etna.JolycutUITests;
				PRODUCT_NAME = JoliCut;
				TEST_TARGET_NAME = Jolycut;
			};
			name = Release;
		};
/* End XCBuildConfiguration section */

/* Begin XCConfigurationList section */
		A343018F1CBE9EF300A18E8F /* Build configuration list for PBXProject "JoliCut" */ = {
			isa = XCConfigurationList;
			buildConfigurations = (
				A34301BC1CBE9EF300A18E8F /* Debug */,
				A34301BD1CBE9EF300A18E8F /* Release */,
			);
			defaultConfigurationIsVisible = 0;
			defaultConfigurationName = Release;
		};
		A34301BE1CBE9EF300A18E8F /* Build configuration list for PBXNativeTarget "Jolicut" */ = {
			isa = XCConfigurationList;
			buildConfigurations = (
				A34301BF1CBE9EF300A18E8F /* Debug */,
				A34301C01CBE9EF300A18E8F /* Release */,
			);
			defaultConfigurationIsVisible = 0;
			defaultConfigurationName = Release;
		};
		A34301C11CBE9EF300A18E8F /* Build configuration list for PBXNativeTarget "JolicutTests" */ = {
			isa = XCConfigurationList;
			buildConfigurations = (
				A34301C21CBE9EF300A18E8F /* Debug */,
				A34301C31CBE9EF300A18E8F /* Release */,
			);
			defaultConfigurationIsVisible = 0;
			defaultConfigurationName = Release;
		};
		A34301C41CBE9EF300A18E8F /* Build configuration list for PBXNativeTarget "JolicutUITests" */ = {
			isa = XCConfigurationList;
			buildConfigurations = (
				A34301C51CBE9EF300A18E8F /* Debug */,
				A34301C61CBE9EF300A18E8F /* Release */,
			);
			defaultConfigurationIsVisible = 0;
			defaultConfigurationName = Release;
		};
/* End XCConfigurationList section */
	};
	rootObject = A343018C1CBE9EF300A18E8F /* Project object */;
}
