<?xml version="1.0" encoding="UTF-8"?>
<!DOCTYPE plist PUBLIC "-//Apple//DTD PLIST 1.0//EN" "http://www.apple.com/DTDs/PropertyList-1.0.dtd">
<plist version="1.0">
<dict>
	<key>archiveVersion</key>
	<string>1</string>
	<key>classes</key>
	<dict/>
	<key>objectVersion</key>
	<string>46</string>
	<key>objects</key>
	<dict>
		<key>17A193951CC1649A00FDF634</key>
		<dict>
			<key>isa</key>
			<string>PBXFileReference</string>
			<key>lastKnownFileType</key>
			<string>file</string>
			<key>name</key>
			<string>Comfortaa-Bold.ttf</string>
			<key>path</key>
			<string>../../../Desktop/comfortaa/Comfortaa-Bold.ttf</string>
			<key>sourceTree</key>
			<string>&lt;group&gt;</string>
		</dict>
		<key>17A193961CC1649A00FDF634</key>
		<dict>
			<key>isa</key>
			<string>PBXFileReference</string>
			<key>lastKnownFileType</key>
			<string>file</string>
			<key>name</key>
			<string>Comfortaa-Light.ttf</string>
			<key>path</key>
			<string>../../../Desktop/comfortaa/Comfortaa-Light.ttf</string>
			<key>sourceTree</key>
			<string>&lt;group&gt;</string>
		</dict>
		<key>17A193971CC1649A00FDF634</key>
		<dict>
			<key>isa</key>
			<string>PBXFileReference</string>
			<key>lastKnownFileType</key>
			<string>file</string>
			<key>name</key>
			<string>Comfortaa-Regular.ttf</string>
			<key>path</key>
			<string>../../../Desktop/comfortaa/Comfortaa-Regular.ttf</string>
			<key>sourceTree</key>
			<string>&lt;group&gt;</string>
		</dict>
		<key>17A193981CC1656A00FDF634</key>
		<dict>
			<key>isa</key>
			<string>PBXFileReference</string>
			<key>lastKnownFileType</key>
			<string>image.jpeg</string>
			<key>name</key>
			<string>ios camp.jpg</string>
			<key>path</key>
			<string>../../../Desktop/ios camp.jpg</string>
			<key>sourceTree</key>
			<string>&lt;group&gt;</string>
		</dict>
		<key>17A193991CC1656A00FDF634</key>
		<dict>
			<key>fileRef</key>
			<string>17A193981CC1656A00FDF634</string>
			<key>isa</key>
			<string>PBXBuildFile</string>
		</dict>
		<key>17A1939A1CC1669100FDF634</key>
		<dict>
			<key>fileRef</key>
			<string>17A193951CC1649A00FDF634</string>
			<key>isa</key>
			<string>PBXBuildFile</string>
		</dict>
		<key>17A1939B1CC1669100FDF634</key>
		<dict>
			<key>fileRef</key>
			<string>17A193961CC1649A00FDF634</string>
			<key>isa</key>
			<string>PBXBuildFile</string>
		</dict>
		<key>17A1939C1CC1669100FDF634</key>
		<dict>
			<key>fileRef</key>
			<string>17A193971CC1649A00FDF634</string>
			<key>isa</key>
			<string>PBXBuildFile</string>
		</dict>
		<key>19E97CFA1CC0D2A800EE98B2</key>
		<dict>
			<key>fileEncoding</key>
			<string>4</string>
			<key>isa</key>
			<string>PBXFileReference</string>
			<key>lastKnownFileType</key>
			<string>sourcecode.swift</string>
			<key>path</key>
			<string>ViewController.swift</string>
			<key>sourceTree</key>
			<string>&lt;group&gt;</string>
		</dict>
		<key>19E97CFB1CC0D2A800EE98B2</key>
		<dict>
			<key>fileRef</key>
			<string>19E97CFA1CC0D2A800EE98B2</string>
			<key>isa</key>
			<string>PBXBuildFile</string>
		</dict>
		<key>2037F6C5E7EDE23A2260DC20</key>
		<dict>
			<key>children</key>
			<array>
				<string>FAAC70178CB45FFC88761F17</string>
			</array>
			<key>isa</key>
			<string>PBXGroup</string>
			<key>name</key>
			<string>Frameworks</string>
			<key>sourceTree</key>
			<string>&lt;group&gt;</string>
		</dict>
		<key>28BBF259E935E341446C912C</key>
		<dict>
			<key>buildActionMask</key>
			<string>2147483647</string>
			<key>files</key>
			<array/>
			<key>inputPaths</key>
			<array/>
			<key>isa</key>
			<string>PBXShellScriptBuildPhase</string>
			<key>name</key>
			<string>Check Pods Manifest.lock</string>
			<key>outputPaths</key>
			<array/>
			<key>runOnlyForDeploymentPostprocessing</key>
			<string>0</string>
			<key>shellPath</key>
			<string>/bin/sh</string>
			<key>shellScript</key>
			<string>diff "${PODS_ROOT}/../Podfile.lock" "${PODS_ROOT}/Manifest.lock" &gt; /dev/null
if [[ $? != 0 ]] ; then
    cat &lt;&lt; EOM
error: The sandbox is not in sync with the Podfile.lock. Run 'pod install' or update your CocoaPods installation.
EOM
    exit 1
fi
</string>
			<key>showEnvVarsInLog</key>
			<string>0</string>
		</dict>
		<key>75329AC4F306BE40B650CE8C</key>
		<dict>
			<key>includeInIndex</key>
			<string>1</string>
			<key>isa</key>
			<string>PBXFileReference</string>
			<key>lastKnownFileType</key>
			<string>text.xcconfig</string>
			<key>name</key>
			<string>Pods.release.xcconfig</string>
			<key>path</key>
			<string>Pods/Target Support Files/Pods/Pods.release.xcconfig</string>
			<key>sourceTree</key>
			<string>&lt;group&gt;</string>
		</dict>
		<key>78511DF82504915E36CD48D5</key>
		<dict>
			<key>includeInIndex</key>
			<string>1</string>
			<key>isa</key>
			<string>PBXFileReference</string>
			<key>lastKnownFileType</key>
			<string>text.xcconfig</string>
			<key>name</key>
			<string>Pods.debug.xcconfig</string>
			<key>path</key>
			<string>Pods/Target Support Files/Pods/Pods.debug.xcconfig</string>
			<key>sourceTree</key>
			<string>&lt;group&gt;</string>
		</dict>
		<key>7902B5B51CC6122E00F861B8</key>
		<dict>
			<key>fileEncoding</key>
			<string>4</string>
			<key>isa</key>
			<string>PBXFileReference</string>
			<key>lastKnownFileType</key>
			<string>sourcecode.swift</string>
			<key>path</key>
			<string>InscriptionViewController.swift</string>
			<key>sourceTree</key>
			<string>&lt;group&gt;</string>
		</dict>
		<key>7902B5B61CC6122E00F861B8</key>
		<dict>
			<key>fileRef</key>
			<string>7902B5B51CC6122E00F861B8</string>
			<key>isa</key>
			<string>PBXBuildFile</string>
		</dict>
		<key>797BB21E1CC12505009ED915</key>
		<dict>
			<key>isa</key>
			<string>PBXFileReference</string>
			<key>lastKnownFileType</key>
			<string>sourcecode.c.h</string>
			<key>path</key>
			<string>Jolicut-Bridging-Header.h</string>
			<key>sourceTree</key>
			<string>&lt;group&gt;</string>
		</dict>
		<key>8D5BB94168E101163FDD0C1F</key>
		<dict>
			<key>children</key>
			<array>
				<string>78511DF82504915E36CD48D5</string>
				<string>75329AC4F306BE40B650CE8C</string>
			</array>
			<key>isa</key>
			<string>PBXGroup</string>
			<key>name</key>
			<string>Pods</string>
			<key>sourceTree</key>
			<string>&lt;group&gt;</string>
		</dict>
		<key>A31FEE4A1CC1594D00FE0583</key>
		<dict>
			<key>isa</key>
			<string>PBXFileReference</string>
			<key>lastKnownFileType</key>
			<string>image.png</string>
			<key>path</key>
			<string>cross.png</string>
			<key>sourceTree</key>
			<string>&lt;group&gt;</string>
		</dict>
		<key>A31FEE4B1CC1594D00FE0583</key>
		<dict>
			<key>isa</key>
			<string>PBXFileReference</string>
			<key>lastKnownFileType</key>
			<string>image.png</string>
			<key>path</key>
			<string>circle.png</string>
			<key>sourceTree</key>
			<string>&lt;group&gt;</string>
		</dict>
		<key>A31FEE4C1CC1594D00FE0583</key>
		<dict>
			<key>isa</key>
			<string>PBXFileReference</string>
			<key>lastKnownFileType</key>
			<string>image.png</string>
			<key>path</key>
			<string>arrows.png</string>
			<key>sourceTree</key>
			<string>&lt;group&gt;</string>
		</dict>
		<key>A31FEE4D1CC1594D00FE0583</key>
		<dict>
			<key>isa</key>
			<string>PBXFileReference</string>
			<key>lastKnownFileType</key>
			<string>image.png</string>
			<key>path</key>
			<string>card.png</string>
			<key>sourceTree</key>
			<string>&lt;group&gt;</string>
		</dict>
		<key>A31FEE4E1CC1594D00FE0583</key>
		<dict>
			<key>isa</key>
			<string>PBXFileReference</string>
			<key>lastKnownFileType</key>
			<string>image.png</string>
			<key>path</key>
			<string>social.png</string>
			<key>sourceTree</key>
			<string>&lt;group&gt;</string>
		</dict>
		<key>A31FEE4F1CC1594D00FE0583</key>
		<dict>
			<key>isa</key>
			<string>PBXFileReference</string>
			<key>lastKnownFileType</key>
			<string>image.png</string>
			<key>path</key>
			<string>home - inscr.png</string>
			<key>sourceTree</key>
			<string>&lt;group&gt;</string>
		</dict>
		<key>A31FEE501CC1594D00FE0583</key>
		<dict>
			<key>isa</key>
			<string>PBXFileReference</string>
			<key>lastKnownFileType</key>
			<string>image.png</string>
			<key>path</key>
			<string>tool.png</string>
			<key>sourceTree</key>
			<string>&lt;group&gt;</string>
		</dict>
		<key>A31FEE511CC1594D00FE0583</key>
		<dict>
			<key>isa</key>
			<string>PBXFileReference</string>
			<key>lastKnownFileType</key>
			<string>image.png</string>
			<key>path</key>
			<string>Circled-inscr.png</string>
			<key>sourceTree</key>
			<string>&lt;group&gt;</string>
		</dict>
		<key>A31FEE521CC1594D00FE0583</key>
		<dict>
			<key>fileRef</key>
			<string>A31FEE4A1CC1594D00FE0583</string>
			<key>isa</key>
			<string>PBXBuildFile</string>
		</dict>
		<key>A31FEE531CC1594D00FE0583</key>
		<dict>
			<key>fileRef</key>
			<string>A31FEE4B1CC1594D00FE0583</string>
			<key>isa</key>
			<string>PBXBuildFile</string>
		</dict>
		<key>A31FEE541CC1594D00FE0583</key>
		<dict>
			<key>fileRef</key>
			<string>A31FEE4C1CC1594D00FE0583</string>
			<key>isa</key>
			<string>PBXBuildFile</string>
		</dict>
		<key>A31FEE551CC1594D00FE0583</key>
		<dict>
			<key>fileRef</key>
			<string>A31FEE4D1CC1594D00FE0583</string>
			<key>isa</key>
			<string>PBXBuildFile</string>
		</dict>
		<key>A31FEE561CC1594D00FE0583</key>
		<dict>
			<key>fileRef</key>
			<string>A31FEE4E1CC1594D00FE0583</string>
			<key>isa</key>
			<string>PBXBuildFile</string>
		</dict>
		<key>A31FEE571CC1594D00FE0583</key>
		<dict>
			<key>fileRef</key>
			<string>A31FEE4F1CC1594D00FE0583</string>
			<key>isa</key>
			<string>PBXBuildFile</string>
		</dict>
		<key>A31FEE581CC1594D00FE0583</key>
		<dict>
			<key>fileRef</key>
			<string>A31FEE501CC1594D00FE0583</string>
			<key>isa</key>
			<string>PBXBuildFile</string>
		</dict>
		<key>A31FEE591CC1594D00FE0583</key>
		<dict>
			<key>fileRef</key>
			<string>A31FEE511CC1594D00FE0583</string>
			<key>isa</key>
			<string>PBXBuildFile</string>
		</dict>
		<key>A31FEE6D1CC271C400FE0583</key>
		<dict>
			<key>isa</key>
			<string>PBXFileReference</string>
			<key>lastKnownFileType</key>
			<string>image.png</string>
			<key>path</key>
			<string>delete.png</string>
			<key>sourceTree</key>
			<string>&lt;group&gt;</string>
		</dict>
		<key>A31FEE6E1CC271C400FE0583</key>
		<dict>
			<key>fileRef</key>
			<string>A31FEE6D1CC271C400FE0583</string>
			<key>isa</key>
			<string>PBXBuildFile</string>
		</dict>
		<key>A31FEE6F1CC271C900FE0583</key>
		<dict>
			<key>isa</key>
			<string>PBXFileReference</string>
			<key>lastKnownFileType</key>
			<string>image.png</string>
			<key>path</key>
			<string>cross2.png</string>
			<key>sourceTree</key>
			<string>&lt;group&gt;</string>
		</dict>
		<key>A31FEE701CC271C900FE0583</key>
		<dict>
			<key>fileRef</key>
			<string>A31FEE6F1CC271C900FE0583</string>
			<key>isa</key>
			<string>PBXBuildFile</string>
		</dict>
		<key>A32923C01CC117B1006544B9</key>
		<dict>
			<key>children</key>
			<array>
				<string>17A193951CC1649A00FDF634</string>
				<string>17A193961CC1649A00FDF634</string>
				<string>17A193971CC1649A00FDF634</string>
				<string>A32923C11CC1181B006544B9</string>
			</array>
			<key>isa</key>
			<string>PBXGroup</string>
			<key>name</key>
			<string>Font</string>
			<key>sourceTree</key>
			<string>&lt;group&gt;</string>
		</dict>
		<key>A32923C11CC1181B006544B9</key>
		<dict>
			<key>isa</key>
			<string>PBXFileReference</string>
			<key>lastKnownFileType</key>
			<string>file</string>
			<key>path</key>
			<string>HELN.TTF</string>
			<key>sourceTree</key>
			<string>&lt;group&gt;</string>
		</dict>
		<key>A32923C51CC12150006544B9</key>
		<dict>
			<key>children</key>
			<array>
				<string>A37FF7AD1CC6091B00E2BAD0</string>
				<string>A37FF7AF1CC60A3C00E2BAD0</string>
				<string>A37FF7A31CC5142C00E2BAD0</string>
				<string>A31FEE6F1CC271C900FE0583</string>
				<string>A31FEE6D1CC271C400FE0583</string>
				<string>A37FF79D1CC4E30A00E2BAD0</string>
				<string>A37FF79F1CC4E7D000E2BAD0</string>
				<string>17A193981CC1656A00FDF634</string>
				<string>A31FEE4A1CC1594D00FE0583</string>
				<string>A31FEE4B1CC1594D00FE0583</string>
				<string>A31FEE4C1CC1594D00FE0583</string>
				<string>A31FEE4D1CC1594D00FE0583</string>
				<string>A31FEE4E1CC1594D00FE0583</string>
				<string>A31FEE4F1CC1594D00FE0583</string>
				<string>A31FEE501CC1594D00FE0583</string>
				<string>A31FEE511CC1594D00FE0583</string>
			</array>
			<key>isa</key>
			<string>PBXGroup</string>
			<key>name</key>
			<string>image</string>
			<key>sourceTree</key>
			<string>&lt;group&gt;</string>
		</dict>
		<key>A343018B1CBE9EF300A18E8F</key>
		<dict>
			<key>children</key>
			<array>
				<string>A34301961CBE9EF300A18E8F</string>
				<string>A34301AD1CBE9EF300A18E8F</string>
				<string>A34301B81CBE9EF300A18E8F</string>
				<string>A34301951CBE9EF300A18E8F</string>
				<string>8D5BB94168E101163FDD0C1F</string>
				<string>2037F6C5E7EDE23A2260DC20</string>
			</array>
			<key>isa</key>
			<string>PBXGroup</string>
			<key>sourceTree</key>
			<string>&lt;group&gt;</string>
		</dict>
		<key>A343018C1CBE9EF300A18E8F</key>
		<dict>
			<key>attributes</key>
			<dict>
				<key>LastSwiftUpdateCheck</key>
				<string>0730</string>
				<key>LastUpgradeCheck</key>
				<string>0730</string>
				<key>ORGANIZATIONNAME</key>
				<string>Vinod AROUMOUGAME</string>
				<key>TargetAttributes</key>
				<dict>
					<key>A34301931CBE9EF300A18E8F</key>
					<dict>
						<key>CreatedOnToolsVersion</key>
						<string>7.3</string>
						<key>DevelopmentTeam</key>
						<string>SE44AP52Y5</string>
					</dict>
					<key>A34301A91CBE9EF300A18E8F</key>
					<dict>
						<key>CreatedOnToolsVersion</key>
						<string>7.3</string>
						<key>TestTargetID</key>
						<string>A34301931CBE9EF300A18E8F</string>
					</dict>
					<key>A34301B41CBE9EF300A18E8F</key>
					<dict>
						<key>CreatedOnToolsVersion</key>
						<string>7.3</string>
						<key>TestTargetID</key>
						<string>A34301931CBE9EF300A18E8F</string>
					</dict>
				</dict>
			</dict>
			<key>buildConfigurationList</key>
			<string>A343018F1CBE9EF300A18E8F</string>
			<key>compatibilityVersion</key>
			<string>Xcode 3.2</string>
			<key>developmentRegion</key>
			<string>English</string>
			<key>hasScannedForEncodings</key>
			<string>0</string>
			<key>isa</key>
			<string>PBXProject</string>
			<key>knownRegions</key>
			<array>
				<string>en</string>
				<string>Base</string>
			</array>
			<key>mainGroup</key>
			<string>A343018B1CBE9EF300A18E8F</string>
			<key>productRefGroup</key>
			<string>A34301951CBE9EF300A18E8F</string>
			<key>projectDirPath</key>
			<string></string>
			<key>projectReferences</key>
			<array/>
			<key>projectRoot</key>
			<string></string>
			<key>targets</key>
			<array>
				<string>A34301931CBE9EF300A18E8F</string>
				<string>A34301A91CBE9EF300A18E8F</string>
				<string>A34301B41CBE9EF300A18E8F</string>
			</array>
		</dict>
		<key>A343018F1CBE9EF300A18E8F</key>
		<dict>
			<key>buildConfigurations</key>
			<array>
				<string>A34301BC1CBE9EF300A18E8F</string>
				<string>A34301BD1CBE9EF300A18E8F</string>
			</array>
			<key>defaultConfigurationIsVisible</key>
			<string>0</string>
			<key>defaultConfigurationName</key>
			<string>Release</string>
			<key>isa</key>
			<string>XCConfigurationList</string>
		</dict>
		<key>A34301901CBE9EF300A18E8F</key>
		<dict>
			<key>buildActionMask</key>
			<string>2147483647</string>
			<key>files</key>
			<array>
				<string>A343019C1CBE9EF300A18E8F</string>
				<string>A34301981CBE9EF300A18E8F</string>
				<string>19E97CFB1CC0D2A800EE98B2</string>
				<string>A343019A1CBE9EF300A18E8F</string>
				<string>A37FF7AC1CC5175100E2BAD0</string>
				<string>7902B5B61CC6122E00F861B8</string>
			</array>
			<key>isa</key>
			<string>PBXSourcesBuildPhase</string>
			<key>runOnlyForDeploymentPostprocessing</key>
			<string>0</string>
		</dict>
		<key>A34301911CBE9EF300A18E8F</key>
		<dict>
			<key>buildActionMask</key>
			<string>2147483647</string>
			<key>files</key>
			<array>
				<string>F70A3E0987D79E47FF8A3275</string>
			</array>
			<key>isa</key>
			<string>PBXFrameworksBuildPhase</string>
			<key>runOnlyForDeploymentPostprocessing</key>
			<string>0</string>
		</dict>
		<key>A34301921CBE9EF300A18E8F</key>
		<dict>
			<key>buildActionMask</key>
			<string>2147483647</string>
			<key>files</key>
			<array>
				<string>A31FEE6E1CC271C400FE0583</string>
				<string>A37FF7AE1CC6091B00E2BAD0</string>
				<string>17A1939A1CC1669100FDF634</string>
				<string>17A1939B1CC1669100FDF634</string>
				<string>17A1939C1CC1669100FDF634</string>
				<string>A37FF7A41CC5142C00E2BAD0</string>
				<string>A31FEE561CC1594D00FE0583</string>
				<string>A31FEE581CC1594D00FE0583</string>
				<string>A37FF7A01CC4E7D000E2BAD0</string>
				<string>A31FEE571CC1594D00FE0583</string>
				<string>A34301A41CBE9EF300A18E8F</string>
				<string>A34301A11CBE9EF300A18E8F</string>
				<string>A31FEE701CC271C900FE0583</string>
				<string>A31FEE531CC1594D00FE0583</string>
				<string>A31FEE521CC1594D00FE0583</string>
				<string>A343019F1CBE9EF300A18E8F</string>
				<string>A31FEE541CC1594D00FE0583</string>
				<string>A31FEE591CC1594D00FE0583</string>
				<string>A37FF79E1CC4E30A00E2BAD0</string>
				<string>A31FEE551CC1594D00FE0583</string>
				<string>17A193991CC1656A00FDF634</string>
				<string>A37FF7B01CC60A3C00E2BAD0</string>
			</array>
			<key>isa</key>
			<string>PBXResourcesBuildPhase</string>
			<key>runOnlyForDeploymentPostprocessing</key>
			<string>0</string>
		</dict>
		<key>A34301931CBE9EF300A18E8F</key>
		<dict>
			<key>buildConfigurationList</key>
			<string>A34301BE1CBE9EF300A18E8F</string>
			<key>buildPhases</key>
			<array>
				<string>28BBF259E935E341446C912C</string>
				<string>A34301901CBE9EF300A18E8F</string>
				<string>A34301911CBE9EF300A18E8F</string>
				<string>A34301921CBE9EF300A18E8F</string>
				<string>EEB950F92EEE775371437294</string>
				<string>AF8724659E862937735BDB88</string>
			</array>
			<key>buildRules</key>
			<array/>
			<key>dependencies</key>
			<array/>
			<key>isa</key>
			<string>PBXNativeTarget</string>
			<key>name</key>
			<string>Jolicut</string>
			<key>productName</key>
			<string>Jolycut</string>
			<key>productReference</key>
			<string>A34301941CBE9EF300A18E8F</string>
			<key>productType</key>
			<string>com.apple.product-type.application</string>
		</dict>
		<key>A34301941CBE9EF300A18E8F</key>
		<dict>
			<key>explicitFileType</key>
			<string>wrapper.application</string>
			<key>includeInIndex</key>
			<string>0</string>
			<key>isa</key>
			<string>PBXFileReference</string>
			<key>path</key>
			<string>JoliCut.app</string>
			<key>sourceTree</key>
			<string>BUILT_PRODUCTS_DIR</string>
		</dict>
		<key>A34301951CBE9EF300A18E8F</key>
		<dict>
			<key>children</key>
			<array>
				<string>A34301941CBE9EF300A18E8F</string>
				<string>A34301AA1CBE9EF300A18E8F</string>
				<string>A34301B51CBE9EF300A18E8F</string>
			</array>
			<key>isa</key>
			<string>PBXGroup</string>
			<key>name</key>
			<string>Products</string>
			<key>sourceTree</key>
			<string>&lt;group&gt;</string>
		</dict>
		<key>A34301961CBE9EF300A18E8F</key>
		<dict>
			<key>children</key>
			<array>
				<string>A32923C01CC117B1006544B9</string>
				<string>A32923C51CC12150006544B9</string>
				<string>A34301971CBE9EF300A18E8F</string>
				<string>A343019D1CBE9EF300A18E8F</string>
				<string>7902B5B51CC6122E00F861B8</string>
				<string>19E97CFA1CC0D2A800EE98B2</string>
				<string>A34301991CBE9EF300A18E8F</string>
				<string>A343019B1CBE9EF300A18E8F</string>
				<string>A34301A01CBE9EF300A18E8F</string>
				<string>A34301A21CBE9EF300A18E8F</string>
				<string>A34301A51CBE9EF300A18E8F</string>
				<string>797BB21E1CC12505009ED915</string>
				<string>A37FF7AB1CC5175100E2BAD0</string>
			</array>
			<key>isa</key>
			<string>PBXGroup</string>
			<key>path</key>
			<string>Jolycut</string>
			<key>sourceTree</key>
			<string>&lt;group&gt;</string>
		</dict>
		<key>A34301971CBE9EF300A18E8F</key>
		<dict>
			<key>isa</key>
			<string>PBXFileReference</string>
			<key>lastKnownFileType</key>
			<string>sourcecode.swift</string>
			<key>path</key>
			<string>AppDelegate.swift</string>
			<key>sourceTree</key>
			<string>&lt;group&gt;</string>
		</dict>
		<key>A34301981CBE9EF300A18E8F</key>
		<dict>
			<key>fileRef</key>
			<string>A34301971CBE9EF300A18E8F</string>
			<key>isa</key>
			<string>PBXBuildFile</string>
		</dict>
		<key>A34301991CBE9EF300A18E8F</key>
		<dict>
			<key>isa</key>
			<string>PBXFileReference</string>
			<key>lastKnownFileType</key>
			<string>sourcecode.swift</string>
			<key>path</key>
			<string>FirstViewController.swift</string>
			<key>sourceTree</key>
			<string>&lt;group&gt;</string>
		</dict>
		<key>A343019A1CBE9EF300A18E8F</key>
		<dict>
			<key>fileRef</key>
			<string>A34301991CBE9EF300A18E8F</string>
			<key>isa</key>
			<string>PBXBuildFile</string>
		</dict>
		<key>A343019B1CBE9EF300A18E8F</key>
		<dict>
			<key>isa</key>
			<string>PBXFileReference</string>
			<key>lastKnownFileType</key>
			<string>sourcecode.swift</string>
			<key>path</key>
			<string>SecondViewController.swift</string>
			<key>sourceTree</key>
			<string>&lt;group&gt;</string>
		</dict>
		<key>A343019C1CBE9EF300A18E8F</key>
		<dict>
			<key>fileRef</key>
			<string>A343019B1CBE9EF300A18E8F</string>
			<key>isa</key>
			<string>PBXBuildFile</string>
		</dict>
		<key>A343019D1CBE9EF300A18E8F</key>
		<dict>
			<key>children</key>
			<array>
				<string>A343019E1CBE9EF300A18E8F</string>
			</array>
			<key>isa</key>
			<string>PBXVariantGroup</string>
			<key>name</key>
			<string>Main.storyboard</string>
			<key>sourceTree</key>
			<string>&lt;group&gt;</string>
		</dict>
		<key>A343019E1CBE9EF300A18E8F</key>
		<dict>
			<key>isa</key>
			<string>PBXFileReference</string>
			<key>lastKnownFileType</key>
			<string>file.storyboard</string>
			<key>name</key>
			<string>Base</string>
			<key>path</key>
			<string>Base.lproj/Main.storyboard</string>
			<key>sourceTree</key>
			<string>&lt;group&gt;</string>
		</dict>
		<key>A343019F1CBE9EF300A18E8F</key>
		<dict>
			<key>fileRef</key>
			<string>A343019D1CBE9EF300A18E8F</string>
			<key>isa</key>
			<string>PBXBuildFile</string>
		</dict>
		<key>A34301A01CBE9EF300A18E8F</key>
		<dict>
			<key>isa</key>
			<string>PBXFileReference</string>
			<key>lastKnownFileType</key>
			<string>folder.assetcatalog</string>
			<key>path</key>
			<string>Assets.xcassets</string>
			<key>sourceTree</key>
			<string>&lt;group&gt;</string>
		</dict>
		<key>A34301A11CBE9EF300A18E8F</key>
		<dict>
			<key>fileRef</key>
			<string>A34301A01CBE9EF300A18E8F</string>
			<key>isa</key>
			<string>PBXBuildFile</string>
		</dict>
		<key>A34301A21CBE9EF300A18E8F</key>
		<dict>
			<key>children</key>
			<array>
				<string>A34301A31CBE9EF300A18E8F</string>
			</array>
			<key>isa</key>
			<string>PBXVariantGroup</string>
			<key>name</key>
			<string>LaunchScreen.storyboard</string>
			<key>sourceTree</key>
			<string>&lt;group&gt;</string>
		</dict>
		<key>A34301A31CBE9EF300A18E8F</key>
		<dict>
			<key>isa</key>
			<string>PBXFileReference</string>
			<key>lastKnownFileType</key>
			<string>file.storyboard</string>
			<key>name</key>
			<string>Base</string>
			<key>path</key>
			<string>Base.lproj/LaunchScreen.storyboard</string>
			<key>sourceTree</key>
			<string>&lt;group&gt;</string>
		</dict>
		<key>A34301A41CBE9EF300A18E8F</key>
		<dict>
			<key>fileRef</key>
			<string>A34301A21CBE9EF300A18E8F</string>
			<key>isa</key>
			<string>PBXBuildFile</string>
		</dict>
		<key>A34301A51CBE9EF300A18E8F</key>
		<dict>
			<key>isa</key>
			<string>PBXFileReference</string>
			<key>lastKnownFileType</key>
			<string>text.plist.xml</string>
			<key>path</key>
			<string>Info.plist</string>
			<key>sourceTree</key>
			<string>&lt;group&gt;</string>
		</dict>
		<key>A34301A61CBE9EF300A18E8F</key>
		<dict>
			<key>buildActionMask</key>
			<string>2147483647</string>
			<key>files</key>
			<array>
				<string>A34301AF1CBE9EF300A18E8F</string>
			</array>
			<key>isa</key>
			<string>PBXSourcesBuildPhase</string>
			<key>runOnlyForDeploymentPostprocessing</key>
			<string>0</string>
		</dict>
		<key>A34301A71CBE9EF300A18E8F</key>
		<dict>
			<key>buildActionMask</key>
			<string>2147483647</string>
			<key>files</key>
			<array/>
			<key>isa</key>
			<string>PBXFrameworksBuildPhase</string>
			<key>runOnlyForDeploymentPostprocessing</key>
			<string>0</string>
		</dict>
		<key>A34301A81CBE9EF300A18E8F</key>
		<dict>
			<key>buildActionMask</key>
			<string>2147483647</string>
			<key>files</key>
			<array/>
			<key>isa</key>
			<string>PBXResourcesBuildPhase</string>
			<key>runOnlyForDeploymentPostprocessing</key>
			<string>0</string>
		</dict>
		<key>A34301A91CBE9EF300A18E8F</key>
		<dict>
			<key>buildConfigurationList</key>
			<string>A34301C11CBE9EF300A18E8F</string>
			<key>buildPhases</key>
			<array>
				<string>A34301A61CBE9EF300A18E8F</string>
				<string>A34301A71CBE9EF300A18E8F</string>
				<string>A34301A81CBE9EF300A18E8F</string>
			</array>
			<key>buildRules</key>
			<array/>
			<key>dependencies</key>
			<array>
				<string>A34301AC1CBE9EF300A18E8F</string>
			</array>
			<key>isa</key>
			<string>PBXNativeTarget</string>
			<key>name</key>
			<string>JolicutTests</string>
			<key>productName</key>
			<string>JolycutTests</string>
			<key>productReference</key>
			<string>A34301AA1CBE9EF300A18E8F</string>
			<key>productType</key>
			<string>com.apple.product-type.bundle.unit-test</string>
		</dict>
		<key>A34301AA1CBE9EF300A18E8F</key>
		<dict>
			<key>explicitFileType</key>
			<string>wrapper.cfbundle</string>
			<key>includeInIndex</key>
			<string>0</string>
			<key>isa</key>
			<string>PBXFileReference</string>
			<key>path</key>
			<string>JoliCut.xctest</string>
			<key>sourceTree</key>
			<string>BUILT_PRODUCTS_DIR</string>
		</dict>
		<key>A34301AB1CBE9EF300A18E8F</key>
		<dict>
			<key>containerPortal</key>
			<string>A343018C1CBE9EF300A18E8F</string>
			<key>isa</key>
			<string>PBXContainerItemProxy</string>
			<key>proxyType</key>
			<string>1</string>
			<key>remoteGlobalIDString</key>
			<string>A34301931CBE9EF300A18E8F</string>
			<key>remoteInfo</key>
			<string>Jolycut</string>
		</dict>
		<key>A34301AC1CBE9EF300A18E8F</key>
		<dict>
			<key>isa</key>
			<string>PBXTargetDependency</string>
			<key>target</key>
			<string>A34301931CBE9EF300A18E8F</string>
			<key>targetProxy</key>
			<string>A34301AB1CBE9EF300A18E8F</string>
		</dict>
		<key>A34301AD1CBE9EF300A18E8F</key>
		<dict>
			<key>children</key>
			<array>
				<string>A34301AE1CBE9EF300A18E8F</string>
				<string>A34301B01CBE9EF300A18E8F</string>
			</array>
			<key>isa</key>
			<string>PBXGroup</string>
			<key>path</key>
			<string>JolycutTests</string>
			<key>sourceTree</key>
			<string>&lt;group&gt;</string>
		</dict>
		<key>A34301AE1CBE9EF300A18E8F</key>
		<dict>
			<key>isa</key>
			<string>PBXFileReference</string>
			<key>lastKnownFileType</key>
			<string>sourcecode.swift</string>
			<key>path</key>
			<string>JolycutTests.swift</string>
			<key>sourceTree</key>
			<string>&lt;group&gt;</string>
		</dict>
		<key>A34301AF1CBE9EF300A18E8F</key>
		<dict>
			<key>fileRef</key>
			<string>A34301AE1CBE9EF300A18E8F</string>
			<key>isa</key>
			<string>PBXBuildFile</string>
		</dict>
		<key>A34301B01CBE9EF300A18E8F</key>
		<dict>
			<key>isa</key>
			<string>PBXFileReference</string>
			<key>lastKnownFileType</key>
			<string>text.plist.xml</string>
			<key>path</key>
			<string>Info.plist</string>
			<key>sourceTree</key>
			<string>&lt;group&gt;</string>
		</dict>
		<key>A34301B11CBE9EF300A18E8F</key>
		<dict>
			<key>buildActionMask</key>
			<string>2147483647</string>
			<key>files</key>
			<array>
				<string>A34301BA1CBE9EF300A18E8F</string>
			</array>
			<key>isa</key>
			<string>PBXSourcesBuildPhase</string>
			<key>runOnlyForDeploymentPostprocessing</key>
			<string>0</string>
		</dict>
		<key>A34301B21CBE9EF300A18E8F</key>
		<dict>
			<key>buildActionMask</key>
			<string>2147483647</string>
			<key>files</key>
			<array/>
			<key>isa</key>
			<string>PBXFrameworksBuildPhase</string>
			<key>runOnlyForDeploymentPostprocessing</key>
			<string>0</string>
		</dict>
		<key>A34301B31CBE9EF300A18E8F</key>
		<dict>
			<key>buildActionMask</key>
			<string>2147483647</string>
			<key>files</key>
			<array/>
			<key>isa</key>
			<string>PBXResourcesBuildPhase</string>
			<key>runOnlyForDeploymentPostprocessing</key>
			<string>0</string>
		</dict>
		<key>A34301B41CBE9EF300A18E8F</key>
		<dict>
			<key>buildConfigurationList</key>
			<string>A34301C41CBE9EF300A18E8F</string>
			<key>buildPhases</key>
			<array>
				<string>A34301B11CBE9EF300A18E8F</string>
				<string>A34301B21CBE9EF300A18E8F</string>
				<string>A34301B31CBE9EF300A18E8F</string>
			</array>
			<key>buildRules</key>
			<array/>
			<key>dependencies</key>
			<array>
				<string>A34301B71CBE9EF300A18E8F</string>
			</array>
			<key>isa</key>
			<string>PBXNativeTarget</string>
			<key>name</key>
			<string>JolicutUITests</string>
			<key>productName</key>
			<string>JolycutUITests</string>
			<key>productReference</key>
			<string>A34301B51CBE9EF300A18E8F</string>
			<key>productType</key>
			<string>com.apple.product-type.bundle.ui-testing</string>
		</dict>
		<key>A34301B51CBE9EF300A18E8F</key>
		<dict>
			<key>explicitFileType</key>
			<string>wrapper.cfbundle</string>
			<key>includeInIndex</key>
			<string>0</string>
			<key>isa</key>
			<string>PBXFileReference</string>
			<key>path</key>
			<string>JoliCut.xctest</string>
			<key>sourceTree</key>
			<string>BUILT_PRODUCTS_DIR</string>
		</dict>
		<key>A34301B61CBE9EF300A18E8F</key>
		<dict>
			<key>containerPortal</key>
			<string>A343018C1CBE9EF300A18E8F</string>
			<key>isa</key>
			<string>PBXContainerItemProxy</string>
			<key>proxyType</key>
			<string>1</string>
			<key>remoteGlobalIDString</key>
			<string>A34301931CBE9EF300A18E8F</string>
			<key>remoteInfo</key>
			<string>Jolycut</string>
		</dict>
		<key>A34301B71CBE9EF300A18E8F</key>
		<dict>
			<key>isa</key>
			<string>PBXTargetDependency</string>
			<key>target</key>
			<string>A34301931CBE9EF300A18E8F</string>
			<key>targetProxy</key>
			<string>A34301B61CBE9EF300A18E8F</string>
		</dict>
		<key>A34301B81CBE9EF300A18E8F</key>
		<dict>
			<key>children</key>
			<array>
				<string>A34301B91CBE9EF300A18E8F</string>
				<string>A34301BB1CBE9EF300A18E8F</string>
			</array>
			<key>isa</key>
			<string>PBXGroup</string>
			<key>path</key>
			<string>JolycutUITests</string>
			<key>sourceTree</key>
			<string>&lt;group&gt;</string>
		</dict>
		<key>A34301B91CBE9EF300A18E8F</key>
		<dict>
			<key>isa</key>
			<string>PBXFileReference</string>
			<key>lastKnownFileType</key>
			<string>sourcecode.swift</string>
			<key>path</key>
			<string>JolycutUITests.swift</string>
			<key>sourceTree</key>
			<string>&lt;group&gt;</string>
		</dict>
		<key>A34301BA1CBE9EF300A18E8F</key>
		<dict>
			<key>fileRef</key>
			<string>A34301B91CBE9EF300A18E8F</string>
			<key>isa</key>
			<string>PBXBuildFile</string>
		</dict>
		<key>A34301BB1CBE9EF300A18E8F</key>
		<dict>
			<key>isa</key>
			<string>PBXFileReference</string>
			<key>lastKnownFileType</key>
			<string>text.plist.xml</string>
			<key>path</key>
			<string>Info.plist</string>
			<key>sourceTree</key>
			<string>&lt;group&gt;</string>
		</dict>
		<key>A34301BC1CBE9EF300A18E8F</key>
		<dict>
			<key>buildSettings</key>
			<dict>
				<key>ALWAYS_SEARCH_USER_PATHS</key>
				<string>NO</string>
				<key>CLANG_ANALYZER_NONNULL</key>
				<string>YES</string>
				<key>CLANG_CXX_LANGUAGE_STANDARD</key>
				<string>gnu++0x</string>
				<key>CLANG_CXX_LIBRARY</key>
				<string>libc++</string>
				<key>CLANG_ENABLE_MODULES</key>
				<string>YES</string>
				<key>CLANG_ENABLE_OBJC_ARC</key>
				<string>YES</string>
				<key>CLANG_WARN_BOOL_CONVERSION</key>
				<string>YES</string>
				<key>CLANG_WARN_CONSTANT_CONVERSION</key>
				<string>YES</string>
				<key>CLANG_WARN_DIRECT_OBJC_ISA_USAGE</key>
				<string>YES_ERROR</string>
				<key>CLANG_WARN_EMPTY_BODY</key>
				<string>YES</string>
				<key>CLANG_WARN_ENUM_CONVERSION</key>
				<string>YES</string>
				<key>CLANG_WARN_INT_CONVERSION</key>
				<string>YES</string>
				<key>CLANG_WARN_OBJC_ROOT_CLASS</key>
				<string>YES_ERROR</string>
				<key>CLANG_WARN_UNREACHABLE_CODE</key>
				<string>YES</string>
				<key>CLANG_WARN__DUPLICATE_METHOD_MATCH</key>
				<string>YES</string>
				<key>CODE_SIGN_IDENTITY[sdk=iphoneos*]</key>
				<string>iPhone Developer</string>
				<key>COPY_PHASE_STRIP</key>
				<string>NO</string>
				<key>DEBUG_INFORMATION_FORMAT</key>
				<string>dwarf</string>
				<key>ENABLE_STRICT_OBJC_MSGSEND</key>
				<string>YES</string>
				<key>ENABLE_TESTABILITY</key>
				<string>YES</string>
				<key>GCC_C_LANGUAGE_STANDARD</key>
				<string>gnu99</string>
				<key>GCC_DYNAMIC_NO_PIC</key>
				<string>NO</string>
				<key>GCC_NO_COMMON_BLOCKS</key>
				<string>YES</string>
				<key>GCC_OPTIMIZATION_LEVEL</key>
				<string>0</string>
				<key>GCC_PREPROCESSOR_DEFINITIONS</key>
				<array>
					<string>DEBUG=1</string>
					<string>$(inherited)</string>
				</array>
				<key>GCC_WARN_64_TO_32_BIT_CONVERSION</key>
				<string>YES</string>
				<key>GCC_WARN_ABOUT_RETURN_TYPE</key>
				<string>YES_ERROR</string>
				<key>GCC_WARN_UNDECLARED_SELECTOR</key>
				<string>YES</string>
				<key>GCC_WARN_UNINITIALIZED_AUTOS</key>
				<string>YES_AGGRESSIVE</string>
				<key>GCC_WARN_UNUSED_FUNCTION</key>
				<string>YES</string>
				<key>GCC_WARN_UNUSED_VARIABLE</key>
				<string>YES</string>
				<key>IPHONEOS_DEPLOYMENT_TARGET</key>
				<string>9.3</string>
				<key>MTL_ENABLE_DEBUG_INFO</key>
				<string>YES</string>
				<key>ONLY_ACTIVE_ARCH</key>
				<string>YES</string>
				<key>SDKROOT</key>
				<string>iphoneos</string>
				<key>SWIFT_OPTIMIZATION_LEVEL</key>
				<string>-Onone</string>
				<key>TARGETED_DEVICE_FAMILY</key>
				<string>1,2</string>
			</dict>
			<key>isa</key>
			<string>XCBuildConfiguration</string>
			<key>name</key>
			<string>Debug</string>
		</dict>
		<key>A34301BD1CBE9EF300A18E8F</key>
		<dict>
			<key>buildSettings</key>
			<dict>
				<key>ALWAYS_SEARCH_USER_PATHS</key>
				<string>NO</string>
				<key>CLANG_ANALYZER_NONNULL</key>
				<string>YES</string>
				<key>CLANG_CXX_LANGUAGE_STANDARD</key>
				<string>gnu++0x</string>
				<key>CLANG_CXX_LIBRARY</key>
				<string>libc++</string>
				<key>CLANG_ENABLE_MODULES</key>
				<string>YES</string>
				<key>CLANG_ENABLE_OBJC_ARC</key>
				<string>YES</string>
				<key>CLANG_WARN_BOOL_CONVERSION</key>
				<string>YES</string>
				<key>CLANG_WARN_CONSTANT_CONVERSION</key>
				<string>YES</string>
				<key>CLANG_WARN_DIRECT_OBJC_ISA_USAGE</key>
				<string>YES_ERROR</string>
				<key>CLANG_WARN_EMPTY_BODY</key>
				<string>YES</string>
				<key>CLANG_WARN_ENUM_CONVERSION</key>
				<string>YES</string>
				<key>CLANG_WARN_INT_CONVERSION</key>
				<string>YES</string>
				<key>CLANG_WARN_OBJC_ROOT_CLASS</key>
				<string>YES_ERROR</string>
				<key>CLANG_WARN_UNREACHABLE_CODE</key>
				<string>YES</string>
				<key>CLANG_WARN__DUPLICATE_METHOD_MATCH</key>
				<string>YES</string>
				<key>CODE_SIGN_IDENTITY[sdk=iphoneos*]</key>
				<string>iPhone Developer</string>
				<key>COPY_PHASE_STRIP</key>
				<string>NO</string>
				<key>DEBUG_INFORMATION_FORMAT</key>
				<string>dwarf-with-dsym</string>
				<key>ENABLE_NS_ASSERTIONS</key>
				<string>NO</string>
				<key>ENABLE_STRICT_OBJC_MSGSEND</key>
				<string>YES</string>
				<key>GCC_C_LANGUAGE_STANDARD</key>
				<string>gnu99</string>
				<key>GCC_NO_COMMON_BLOCKS</key>
				<string>YES</string>
				<key>GCC_WARN_64_TO_32_BIT_CONVERSION</key>
				<string>YES</string>
				<key>GCC_WARN_ABOUT_RETURN_TYPE</key>
				<string>YES_ERROR</string>
				<key>GCC_WARN_UNDECLARED_SELECTOR</key>
				<string>YES</string>
				<key>GCC_WARN_UNINITIALIZED_AUTOS</key>
				<string>YES_AGGRESSIVE</string>
				<key>GCC_WARN_UNUSED_FUNCTION</key>
				<string>YES</string>
				<key>GCC_WARN_UNUSED_VARIABLE</key>
				<string>YES</string>
				<key>IPHONEOS_DEPLOYMENT_TARGET</key>
				<string>9.3</string>
				<key>MTL_ENABLE_DEBUG_INFO</key>
				<string>NO</string>
				<key>SDKROOT</key>
				<string>iphoneos</string>
				<key>TARGETED_DEVICE_FAMILY</key>
				<string>1,2</string>
				<key>VALIDATE_PRODUCT</key>
				<string>YES</string>
			</dict>
			<key>isa</key>
			<string>XCBuildConfiguration</string>
			<key>name</key>
			<string>Release</string>
		</dict>
		<key>A34301BE1CBE9EF300A18E8F</key>
		<dict>
			<key>buildConfigurations</key>
			<array>
				<string>A34301BF1CBE9EF300A18E8F</string>
				<string>A34301C01CBE9EF300A18E8F</string>
			</array>
			<key>defaultConfigurationIsVisible</key>
			<string>0</string>
			<key>defaultConfigurationName</key>
			<string>Release</string>
			<key>isa</key>
			<string>XCConfigurationList</string>
		</dict>
		<key>A34301BF1CBE9EF300A18E8F</key>
		<dict>
			<key>baseConfigurationReference</key>
			<string>78511DF82504915E36CD48D5</string>
			<key>buildSettings</key>
			<dict>
				<key>ASSETCATALOG_COMPILER_APPICON_NAME</key>
				<string>AppIcon</string>
				<key>CLANG_ENABLE_MODULES</key>
				<string>YES</string>
				<key>CODE_SIGN_IDENTITY</key>
				<string>iPhone Developer</string>
				<key>CODE_SIGN_IDENTITY[sdk=iphoneos*]</key>
				<string>iPhone Developer</string>
				<key>INFOPLIST_FILE</key>
				<string>Jolycut/Info.plist</string>
				<key>LD_RUNPATH_SEARCH_PATHS</key>
				<string>$(inherited) @executable_path/Frameworks</string>
				<key>PRODUCT_BUNDLE_IDENTIFIER</key>
				<string>JoliCut</string>
				<key>PRODUCT_NAME</key>
				<string>JoliCut</string>
				<key>PROVISIONING_PROFILE</key>
				<string></string>
				<key>SWIFT_OBJC_BRIDGING_HEADER</key>
				<string>Jolycut/Jolicut-Bridging-Header.h</string>
				<key>SWIFT_OPTIMIZATION_LEVEL</key>
				<string>-Onone</string>
				<key>TARGETED_DEVICE_FAMILY</key>
				<string>1,2</string>
			</dict>
			<key>isa</key>
			<string>XCBuildConfiguration</string>
			<key>name</key>
			<string>Debug</string>
		</dict>
		<key>A34301C01CBE9EF300A18E8F</key>
		<dict>
			<key>baseConfigurationReference</key>
			<string>75329AC4F306BE40B650CE8C</string>
			<key>buildSettings</key>
			<dict>
				<key>ASSETCATALOG_COMPILER_APPICON_NAME</key>
				<string>AppIcon</string>
				<key>CLANG_ENABLE_MODULES</key>
				<string>YES</string>
				<key>CODE_SIGN_IDENTITY</key>
				<string>iPhone Developer</string>
				<key>CODE_SIGN_IDENTITY[sdk=iphoneos*]</key>
				<string>iPhone Developer</string>
				<key>INFOPLIST_FILE</key>
				<string>Jolycut/Info.plist</string>
				<key>LD_RUNPATH_SEARCH_PATHS</key>
				<string>$(inherited) @executable_path/Frameworks</string>
				<key>PRODUCT_BUNDLE_IDENTIFIER</key>
				<string>JoliCut</string>
				<key>PRODUCT_NAME</key>
				<string>JoliCut</string>
				<key>PROVISIONING_PROFILE</key>
				<string></string>
				<key>SWIFT_OBJC_BRIDGING_HEADER</key>
				<string>Jolycut/Jolicut-Bridging-Header.h</string>
				<key>TARGETED_DEVICE_FAMILY</key>
				<string>1,2</string>
			</dict>
			<key>isa</key>
			<string>XCBuildConfiguration</string>
			<key>name</key>
			<string>Release</string>
		</dict>
		<key>A34301C11CBE9EF300A18E8F</key>
		<dict>
			<key>buildConfigurations</key>
			<array>
				<string>A34301C21CBE9EF300A18E8F</string>
				<string>A34301C31CBE9EF300A18E8F</string>
			</array>
			<key>defaultConfigurationIsVisible</key>
			<string>0</string>
			<key>defaultConfigurationName</key>
			<string>Release</string>
			<key>isa</key>
			<string>XCConfigurationList</string>
		</dict>
		<key>A34301C21CBE9EF300A18E8F</key>
		<dict>
			<key>buildSettings</key>
			<dict>
				<key>BUNDLE_LOADER</key>
				<string>$(TEST_HOST)</string>
				<key>INFOPLIST_FILE</key>
				<string>JolycutTests/Info.plist</string>
				<key>LD_RUNPATH_SEARCH_PATHS</key>
				<string>$(inherited) @executable_path/Frameworks @loader_path/Frameworks</string>
				<key>PRODUCT_BUNDLE_IDENTIFIER</key>
				<string>etna.JolycutTests</string>
				<key>PRODUCT_NAME</key>
				<string>JoliCut</string>
				<key>TEST_HOST</key>
				<string>$(BUILT_PRODUCTS_DIR)/JoliCut.app/JoliCut</string>
			</dict>
			<key>isa</key>
			<string>XCBuildConfiguration</string>
			<key>name</key>
			<string>Debug</string>
		</dict>
		<key>A34301C31CBE9EF300A18E8F</key>
		<dict>
			<key>buildSettings</key>
			<dict>
				<key>BUNDLE_LOADER</key>
				<string>$(TEST_HOST)</string>
				<key>INFOPLIST_FILE</key>
				<string>JolycutTests/Info.plist</string>
				<key>LD_RUNPATH_SEARCH_PATHS</key>
				<string>$(inherited) @executable_path/Frameworks @loader_path/Frameworks</string>
				<key>PRODUCT_BUNDLE_IDENTIFIER</key>
				<string>etna.JolycutTests</string>
				<key>PRODUCT_NAME</key>
				<string>JoliCut</string>
				<key>TEST_HOST</key>
				<string>$(BUILT_PRODUCTS_DIR)/JoliCut.app/JoliCut</string>
			</dict>
			<key>isa</key>
			<string>XCBuildConfiguration</string>
			<key>name</key>
			<string>Release</string>
		</dict>
		<key>A34301C41CBE9EF300A18E8F</key>
		<dict>
			<key>buildConfigurations</key>
			<array>
				<string>A34301C51CBE9EF300A18E8F</string>
				<string>A34301C61CBE9EF300A18E8F</string>
			</array>
			<key>defaultConfigurationIsVisible</key>
			<string>0</string>
			<key>defaultConfigurationName</key>
			<string>Release</string>
			<key>isa</key>
			<string>XCConfigurationList</string>
		</dict>
		<key>A34301C51CBE9EF300A18E8F</key>
		<dict>
			<key>buildSettings</key>
			<dict>
				<key>INFOPLIST_FILE</key>
				<string>JolycutUITests/Info.plist</string>
				<key>LD_RUNPATH_SEARCH_PATHS</key>
				<string>$(inherited) @executable_path/Frameworks @loader_path/Frameworks</string>
				<key>PRODUCT_BUNDLE_IDENTIFIER</key>
				<string>etna.JolycutUITests</string>
				<key>PRODUCT_NAME</key>
				<string>JoliCut</string>
				<key>TEST_TARGET_NAME</key>
				<string>Jolycut</string>
			</dict>
			<key>isa</key>
			<string>XCBuildConfiguration</string>
			<key>name</key>
			<string>Debug</string>
		</dict>
		<key>A34301C61CBE9EF300A18E8F</key>
		<dict>
			<key>buildSettings</key>
			<dict>
				<key>INFOPLIST_FILE</key>
				<string>JolycutUITests/Info.plist</string>
				<key>LD_RUNPATH_SEARCH_PATHS</key>
				<string>$(inherited) @executable_path/Frameworks @loader_path/Frameworks</string>
				<key>PRODUCT_BUNDLE_IDENTIFIER</key>
				<string>etna.JolycutUITests</string>
				<key>PRODUCT_NAME</key>
				<string>JoliCut</string>
				<key>TEST_TARGET_NAME</key>
				<string>Jolycut</string>
			</dict>
			<key>isa</key>
			<string>XCBuildConfiguration</string>
			<key>name</key>
			<string>Release</string>
		</dict>
		<key>A37FF79D1CC4E30A00E2BAD0</key>
		<dict>
			<key>isa</key>
			<string>PBXFileReference</string>
			<key>lastKnownFileType</key>
			<string>image.png</string>
			<key>path</key>
			<string>ack.png</string>
			<key>sourceTree</key>
			<string>&lt;group&gt;</string>
		</dict>
		<key>A37FF79E1CC4E30A00E2BAD0</key>
		<dict>
			<key>fileRef</key>
			<string>A37FF79D1CC4E30A00E2BAD0</string>
			<key>isa</key>
			<string>PBXBuildFile</string>
		</dict>
		<key>A37FF79F1CC4E7D000E2BAD0</key>
		<dict>
			<key>isa</key>
			<string>PBXFileReference</string>
			<key>lastKnownFileType</key>
			<string>image.png</string>
			<key>path</key>
			<string>Jolicut2.png</string>
			<key>sourceTree</key>
			<string>&lt;group&gt;</string>
		</dict>
		<key>A37FF7A01CC4E7D000E2BAD0</key>
		<dict>
			<key>fileRef</key>
			<string>A37FF79F1CC4E7D000E2BAD0</string>
			<key>isa</key>
			<string>PBXBuildFile</string>
		</dict>
		<key>A37FF7A31CC5142C00E2BAD0</key>
		<dict>
			<key>isa</key>
			<string>PBXFileReference</string>
			<key>lastKnownFileType</key>
			<string>image.png</string>
			<key>path</key>
			<string>JOLICUT.png</string>
			<key>sourceTree</key>
			<string>&lt;group&gt;</string>
		</dict>
		<key>A37FF7A41CC5142C00E2BAD0</key>
		<dict>
			<key>fileRef</key>
			<string>A37FF7A31CC5142C00E2BAD0</string>
			<key>isa</key>
			<string>PBXBuildFile</string>
		</dict>
		<key>A37FF7AB1CC5175100E2BAD0</key>
		<dict>
			<key>fileEncoding</key>
			<string>4</string>
			<key>isa</key>
			<string>PBXFileReference</string>
			<key>lastKnownFileType</key>
			<string>sourcecode.swift</string>
			<key>path</key>
			<string>JolicutViewController.swift</string>
			<key>sourceTree</key>
			<string>&lt;group&gt;</string>
		</dict>
		<key>A37FF7AC1CC5175100E2BAD0</key>
		<dict>
			<key>fileRef</key>
			<string>A37FF7AB1CC5175100E2BAD0</string>
			<key>isa</key>
			<string>PBXBuildFile</string>
		</dict>
		<key>A37FF7AD1CC6091B00E2BAD0</key>
		<dict>
			<key>isa</key>
			<string>PBXFileReference</string>
			<key>lastKnownFileType</key>
			<string>image.png</string>
			<key>path</key>
			<string>se&#769;parateur.png</string>
			<key>sourceTree</key>
			<string>&lt;group&gt;</string>
		</dict>
		<key>A37FF7AE1CC6091B00E2BAD0</key>
		<dict>
			<key>fileRef</key>
			<string>A37FF7AD1CC6091B00E2BAD0</string>
			<key>isa</key>
			<string>PBXBuildFile</string>
		</dict>
		<key>A37FF7AF1CC60A3C00E2BAD0</key>
		<dict>
			<key>isa</key>
			<string>PBXFileReference</string>
			<key>lastKnownFileType</key>
			<string>image.png</string>
			<key>path</key>
			<string>carre.png</string>
			<key>sourceTree</key>
			<string>&lt;group&gt;</string>
		</dict>
		<key>A37FF7B01CC60A3C00E2BAD0</key>
		<dict>
			<key>fileRef</key>
			<string>A37FF7AF1CC60A3C00E2BAD0</string>
			<key>isa</key>
			<string>PBXBuildFile</string>
		</dict>
		<key>AF8724659E862937735BDB88</key>
		<dict>
			<key>buildActionMask</key>
			<string>2147483647</string>
			<key>files</key>
			<array/>
			<key>inputPaths</key>
			<array/>
			<key>isa</key>
			<string>PBXShellScriptBuildPhase</string>
			<key>name</key>
			<string>Copy Pods Resources</string>
			<key>outputPaths</key>
			<array/>
			<key>runOnlyForDeploymentPostprocessing</key>
			<string>0</string>
			<key>shellPath</key>
			<string>/bin/sh</string>
			<key>shellScript</key>
			<string>"${SRCROOT}/Pods/Target Support Files/Pods/Pods-resources.sh"
</string>
			<key>showEnvVarsInLog</key>
			<string>0</string>
		</dict>
		<key>EEB950F92EEE775371437294</key>
		<dict>
			<key>buildActionMask</key>
			<string>2147483647</string>
			<key>files</key>
			<array/>
			<key>inputPaths</key>
			<array/>
			<key>isa</key>
			<string>PBXShellScriptBuildPhase</string>
			<key>name</key>
			<string>Embed Pods Frameworks</string>
			<key>outputPaths</key>
			<array/>
			<key>runOnlyForDeploymentPostprocessing</key>
			<string>0</string>
			<key>shellPath</key>
			<string>/bin/sh</string>
			<key>shellScript</key>
			<string>"${SRCROOT}/Pods/Target Support Files/Pods/Pods-frameworks.sh"
</string>
			<key>showEnvVarsInLog</key>
			<string>0</string>
		</dict>
		<key>F70A3E0987D79E47FF8A3275</key>
		<dict>
			<key>fileRef</key>
			<string>FAAC70178CB45FFC88761F17</string>
			<key>isa</key>
			<string>PBXBuildFile</string>
		</dict>
		<key>FAAC70178CB45FFC88761F17</key>
		<dict>
			<key>explicitFileType</key>
			<string>wrapper.framework</string>
			<key>includeInIndex</key>
			<string>0</string>
			<key>isa</key>
			<string>PBXFileReference</string>
			<key>path</key>
			<string>Pods.framework</string>
			<key>sourceTree</key>
			<string>BUILT_PRODUCTS_DIR</string>
		</dict>
	</dict>
	<key>rootObject</key>
	<string>A343018C1CBE9EF300A18E8F</string>
</dict>
</plist>
